// !$*UTF8*$!
{
	archiveVersion = 1;
	classes = {
	};
	objectVersion = 46;
	objects = {

/* Begin PBXBuildFile section */
		36151EC229FF62B80092AABF /* Color.swift in Sources */ = {isa = PBXBuildFile; fileRef = 36151EC129FF62B80092AABF /* Color.swift */; };
		36151EC72A0000D40092AABF /* Toast.swift in Sources */ = {isa = PBXBuildFile; fileRef = 36151EC62A0000D40092AABF /* Toast.swift */; };
		36151EC92A00D5800092AABF /* Timer.swift in Sources */ = {isa = PBXBuildFile; fileRef = 36151EC82A00D5800092AABF /* Timer.swift */; };
		36151ECB2A00DC170092AABF /* PumpDescriptionView.swift in Sources */ = {isa = PBXBuildFile; fileRef = 36151ECA2A00DC170092AABF /* PumpDescriptionView.swift */; };
		36151ECF2A00DC5A0092AABF /* PumpZonesView.swift in Sources */ = {isa = PBXBuildFile; fileRef = 36151ECE2A00DC5A0092AABF /* PumpZonesView.swift */; };
		36151ED12A00DC7C0092AABF /* PumpIndicator.swift in Sources */ = {isa = PBXBuildFile; fileRef = 36151ED02A00DC7C0092AABF /* PumpIndicator.swift */; };
		36151ED52A00DCDB0092AABF /* Utils.swift in Sources */ = {isa = PBXBuildFile; fileRef = 36151ED42A00DCDB0092AABF /* Utils.swift */; };
		3644E81129E29DB8005DDEA3 /* OpenSans-SemiBold.ttf in Resources */ = {isa = PBXBuildFile; fileRef = 3644E80E29E29DB8005DDEA3 /* OpenSans-SemiBold.ttf */; };
		3644E81229E29DB8005DDEA3 /* OpenSans-Bold.ttf in Resources */ = {isa = PBXBuildFile; fileRef = 3644E80F29E29DB8005DDEA3 /* OpenSans-Bold.ttf */; };
		3644E81329E29DB8005DDEA3 /* OpenSans-Regular.ttf in Resources */ = {isa = PBXBuildFile; fileRef = 3644E81029E29DB8005DDEA3 /* OpenSans-Regular.ttf */; };
		364EA5E829FABA610072C792 /* Public.swift in Sources */ = {isa = PBXBuildFile; fileRef = 364EA5E729FABA610072C792 /* Public.swift */; };
		364EA5ED29FABAF50072C792 /* R.generated.swift in Sources */ = {isa = PBXBuildFile; fileRef = 364EA5EC29FABAF50072C792 /* R.generated.swift */; };
		364EA5F029FAC1510072C792 /* AudioLibraryManager.swift in Sources */ = {isa = PBXBuildFile; fileRef = 364EA5EF29FAC1510072C792 /* AudioLibraryManager.swift */; };
		364EA5F929FB59D00072C792 /* AEAudio.h in Headers */ = {isa = PBXBuildFile; fileRef = 364EA5F829FB59D00072C792 /* AEAudio.h */; settings = {ATTRIBUTES = (Public, ); }; };
		364EA5FC29FB59D00072C792 /* AEAudio.framework in Frameworks */ = {isa = PBXBuildFile; fileRef = 364EA5F629FB59D00072C792 /* AEAudio.framework */; };
		364EA5FD29FB59D00072C792 /* AEAudio.framework in Embed Frameworks */ = {isa = PBXBuildFile; fileRef = 364EA5F629FB59D00072C792 /* AEAudio.framework */; settings = {ATTRIBUTES = (CodeSignOnCopy, RemoveHeadersOnCopy, ); }; };
		364EA60229FB5CD30072C792 /* AudioInfo.swift in Sources */ = {isa = PBXBuildFile; fileRef = 364EA60129FB5CD30072C792 /* AudioInfo.swift */; };
		364EA61329FB74720072C792 /* AudioBar.swift in Sources */ = {isa = PBXBuildFile; fileRef = 364EA61129FB74720072C792 /* AudioBar.swift */; };
		364EA61529FB7B050072C792 /* AudioPlayer.swift in Sources */ = {isa = PBXBuildFile; fileRef = 364EA61429FB7B050072C792 /* AudioPlayer.swift */; };
		364EA61829FB7C1C0072C792 /* AudioAnalyzer.swift in Sources */ = {isa = PBXBuildFile; fileRef = 364EA61729FB7C1C0072C792 /* AudioAnalyzer.swift */; };
		364EA61A29FB7C3D0072C792 /* SpectrumView.swift in Sources */ = {isa = PBXBuildFile; fileRef = 364EA61929FB7C3D0072C792 /* SpectrumView.swift */; };
		364EA61C29FB807B0072C792 /* AudioPlayerEnum.swift in Sources */ = {isa = PBXBuildFile; fileRef = 364EA61B29FB807B0072C792 /* AudioPlayerEnum.swift */; };
		364EA61F29FB858F0072C792 /* AudioTime.swift in Sources */ = {isa = PBXBuildFile; fileRef = 364EA61E29FB858F0072C792 /* AudioTime.swift */; };
		364EA62129FB859C0072C792 /* AudioSession.swift in Sources */ = {isa = PBXBuildFile; fileRef = 364EA62029FB859C0072C792 /* AudioSession.swift */; };
		364EA62329FB8A400072C792 /* AudioRecorder.swift in Sources */ = {isa = PBXBuildFile; fileRef = 364EA62229FB8A400072C792 /* AudioRecorder.swift */; };
		364EA62529FB8A850072C792 /* AudioRecordEnum.swift in Sources */ = {isa = PBXBuildFile; fileRef = 364EA62429FB8A850072C792 /* AudioRecordEnum.swift */; };
		364EA62829FB8E510072C792 /* RxAudioPlayable.swift in Sources */ = {isa = PBXBuildFile; fileRef = 364EA62629FB8B5F0072C792 /* RxAudioPlayable.swift */; };
		364EA62E29FE0BC20072C792 /* AEViewRotator.swift in Sources */ = {isa = PBXBuildFile; fileRef = 3668663D29F7821E009136B9 /* AEViewRotator.swift */; };
		364EA62F29FE0BC20072C792 /* AERotateImageView.swift in Sources */ = {isa = PBXBuildFile; fileRef = 364EA62B29FE0B320072C792 /* AERotateImageView.swift */; };
		3668664029F7823A009136B9 /* AEPlayerView.swift in Sources */ = {isa = PBXBuildFile; fileRef = 3668663F29F7823A009136B9 /* AEPlayerView.swift */; };
		3668664429F7851B009136B9 /* AEPlayerController.swift in Sources */ = {isa = PBXBuildFile; fileRef = 3668664329F7851B009136B9 /* AEPlayerController.swift */; };
		3668664929F786E8009136B9 /* AudioPlayerViewModel.swift in Sources */ = {isa = PBXBuildFile; fileRef = 3668664829F786E8009136B9 /* AudioPlayerViewModel.swift */; };
		3668664B29F78DBB009136B9 /* background.jpg in Resources */ = {isa = PBXBuildFile; fileRef = 3668664A29F78DBB009136B9 /* background.jpg */; };
		3668664D29F7B3F0009136B9 /* AEPageView.swift in Sources */ = {isa = PBXBuildFile; fileRef = 3668664C29F7B3F0009136B9 /* AEPageView.swift */; };
		3668664F29F7B49C009136B9 /* AlbumInfoView.swift in Sources */ = {isa = PBXBuildFile; fileRef = 3668664E29F7B49C009136B9 /* AlbumInfoView.swift */; };
		3668665329F7B79F009136B9 /* PlayerControlView.swift in Sources */ = {isa = PBXBuildFile; fileRef = 3668665229F7B79F009136B9 /* PlayerControlView.swift */; };
		3668665529F7C47F009136B9 /* HorizontalScrollView.swift in Sources */ = {isa = PBXBuildFile; fileRef = 3668665429F7C47F009136B9 /* HorizontalScrollView.swift */; };
		366A18AB29FE759C00742718 /* PumpView.swift in Sources */ = {isa = PBXBuildFile; fileRef = 366A18AA29FE759C00742718 /* PumpView.swift */; };
		3670ACE429EFED100026F2B5 /* TimeFormat.swift in Sources */ = {isa = PBXBuildFile; fileRef = 369BD50B29E93E0100CB6B97 /* TimeFormat.swift */; };
		3670ACE629EFFB170026F2B5 /* PumpingController.swift in Sources */ = {isa = PBXBuildFile; fileRef = 3670ACE529EFFB170026F2B5 /* PumpingController.swift */; };
		3670ACF629F037F50026F2B5 /* NotificationManager.swift in Sources */ = {isa = PBXBuildFile; fileRef = 3670ACF529F037F50026F2B5 /* NotificationManager.swift */; };
		3670ACFC29F14D110026F2B5 /* DeviceView.swift in Sources */ = {isa = PBXBuildFile; fileRef = 3670ACFA29F14CDE0026F2B5 /* DeviceView.swift */; };
		3670AD0829F1829F0026F2B5 /* deviceGray.png in Resources */ = {isa = PBXBuildFile; fileRef = 3670AD0629F1829F0026F2B5 /* deviceGray.png */; };
		3670AD0929F1829F0026F2B5 /* device.png in Resources */ = {isa = PBXBuildFile; fileRef = 3670AD0729F1829F0026F2B5 /* device.png */; };
		3670AD4129F3F57A0026F2B5 /* InfoController.swift in Sources */ = {isa = PBXBuildFile; fileRef = 3670AD4029F3F57A0026F2B5 /* InfoController.swift */; };
		3670AD4329F3FFC50026F2B5 /* UserEnitity.swift in Sources */ = {isa = PBXBuildFile; fileRef = 3670AD4229F3FFC50026F2B5 /* UserEnitity.swift */; };
		3670AD4629F4CD7A0026F2B5 /* UserInfo.swift in Sources */ = {isa = PBXBuildFile; fileRef = 3670AD4529F4CD7A0026F2B5 /* UserInfo.swift */; };
		3670AD4829F4D4790026F2B5 /* WorkoutData.swift in Sources */ = {isa = PBXBuildFile; fileRef = 3670AD4729F4D4790026F2B5 /* WorkoutData.swift */; };
		3670AD4A29F4D9DB0026F2B5 /* BPMCalculator.swift in Sources */ = {isa = PBXBuildFile; fileRef = 3670AD4929F4D9DB0026F2B5 /* BPMCalculator.swift */; };
		3670AD4B29F4DDAF0026F2B5 /* WorkoutData.swift in Sources */ = {isa = PBXBuildFile; fileRef = 3670AD4729F4D4790026F2B5 /* WorkoutData.swift */; };
		3670AD4C29F4FC9A0026F2B5 /* UserInfo.swift in Sources */ = {isa = PBXBuildFile; fileRef = 3670AD4529F4CD7A0026F2B5 /* UserInfo.swift */; };
		3670AD5029F5182F0026F2B5 /* WCErrorParser.swift in Sources */ = {isa = PBXBuildFile; fileRef = 3670AD4F29F5182F0026F2B5 /* WCErrorParser.swift */; };
		3670AD5129F518E70026F2B5 /* WCErrorParser.swift in Sources */ = {isa = PBXBuildFile; fileRef = 3670AD4F29F5182F0026F2B5 /* WCErrorParser.swift */; };
		3670AD5429F51EDD0026F2B5 /* HRToast.swift in Sources */ = {isa = PBXBuildFile; fileRef = 3670AD5229F51CCA0026F2B5 /* HRToast.swift */; };
		369BD4EE29E93C7F00CB6B97 /* AppDelegate.swift in Sources */ = {isa = PBXBuildFile; fileRef = 369BD4ED29E93C7F00CB6B97 /* AppDelegate.swift */; };
		369BD4F129E93CB300CB6B97 /* PersistManager.swift in Sources */ = {isa = PBXBuildFile; fileRef = 369BD4F029E93CB300CB6B97 /* PersistManager.swift */; };
		369BD50229E93D9F00CB6B97 /* BPMExporter.swift in Sources */ = {isa = PBXBuildFile; fileRef = 369BD4F529E93D9F00CB6B97 /* BPMExporter.swift */; };
		369BD50329E93D9F00CB6B97 /* Binder.swift in Sources */ = {isa = PBXBuildFile; fileRef = 369BD4F829E93D9F00CB6B97 /* Binder.swift */; };
		369BD50429E93D9F00CB6B97 /* BPMViewModel.swift in Sources */ = {isa = PBXBuildFile; fileRef = 369BD4F929E93D9F00CB6B97 /* BPMViewModel.swift */; };
		369BD50529E93D9F00CB6B97 /* BPMTracker.swift in Sources */ = {isa = PBXBuildFile; fileRef = 369BD4FA29E93D9F00CB6B97 /* BPMTracker.swift */; };
		369BD50629E93D9F00CB6B97 /* BPMController.swift in Sources */ = {isa = PBXBuildFile; fileRef = 369BD4FB29E93D9F00CB6B97 /* BPMController.swift */; };
		369BD50729E93D9F00CB6B97 /* AudioEntity.swift in Sources */ = {isa = PBXBuildFile; fileRef = 369BD4FD29E93D9F00CB6B97 /* AudioEntity.swift */; };
		369BD50829E93D9F00CB6B97 /* BPMView.swift in Sources */ = {isa = PBXBuildFile; fileRef = 369BD4FF29E93D9F00CB6B97 /* BPMView.swift */; };
		369BD50929E93D9F00CB6B97 /* BPMViewConfig.swift in Sources */ = {isa = PBXBuildFile; fileRef = 369BD50029E93D9F00CB6B97 /* BPMViewConfig.swift */; };
		369BD51429E93E0100CB6B97 /* TimeFormat.swift in Sources */ = {isa = PBXBuildFile; fileRef = 369BD50B29E93E0100CB6B97 /* TimeFormat.swift */; };
		369BD51529E93E0100CB6B97 /* Recorder.swift in Sources */ = {isa = PBXBuildFile; fileRef = 369BD50C29E93E0100CB6B97 /* Recorder.swift */; };
		369BD51629E93E0100CB6B97 /* Constants.swift in Sources */ = {isa = PBXBuildFile; fileRef = 369BD50E29E93E0100CB6B97 /* Constants.swift */; };
		369BD51729E93E0100CB6B97 /* AvgMinMaxBar.swift in Sources */ = {isa = PBXBuildFile; fileRef = 369BD50F29E93E0100CB6B97 /* AvgMinMaxBar.swift */; };
		369BD51829E93E0100CB6B97 /* Label.swift in Sources */ = {isa = PBXBuildFile; fileRef = 369BD51029E93E0100CB6B97 /* Label.swift */; };
		369BD51929E93E0100CB6B97 /* Stack.swift in Sources */ = {isa = PBXBuildFile; fileRef = 369BD51129E93E0100CB6B97 /* Stack.swift */; };
		369BD51A29E93E0100CB6B97 /* Toast.swift in Sources */ = {isa = PBXBuildFile; fileRef = 369BD51229E93E0100CB6B97 /* Toast.swift */; };
		369BD51B29E93E0100CB6B97 /* RecordButton.swift in Sources */ = {isa = PBXBuildFile; fileRef = 369BD51329E93E0100CB6B97 /* RecordButton.swift */; };
		36A8B44E2A0105D40065B48F /* OSTimer.swift in Sources */ = {isa = PBXBuildFile; fileRef = 3670ACE729EFFE110026F2B5 /* OSTimer.swift */; };
		36A8B4522A0112DF0065B48F /* UIButton + NoRepeat.swift in Sources */ = {isa = PBXBuildFile; fileRef = 36A8B4512A0112DF0065B48F /* UIButton + NoRepeat.swift */; };
		36A8B4542A0119270065B48F /* UIButton + Extra.swift in Sources */ = {isa = PBXBuildFile; fileRef = 36A8B4532A0119270065B48F /* UIButton + Extra.swift */; };
		36A8B4BC2A0172AC0065B48F /* MetalKit.framework in Frameworks */ = {isa = PBXBuildFile; fileRef = 36A8B4BB2A0172AC0065B48F /* MetalKit.framework */; };
		36A8B4BE2A0172BC0065B48F /* Metal.framework in Frameworks */ = {isa = PBXBuildFile; fileRef = 36A8B4BD2A0172BC0065B48F /* Metal.framework */; };
		36C3C69529ED82D400E8A4DB /* LineChartHeaderView.swift in Sources */ = {isa = PBXBuildFile; fileRef = 36C3C69429ED82D400E8A4DB /* LineChartHeaderView.swift */; };
		36C3C69929ED845800E8A4DB /* AudioCell.swift in Sources */ = {isa = PBXBuildFile; fileRef = 36C3C69829ED845800E8A4DB /* AudioCell.swift */; };
		36C3C69B29EDAB3900E8A4DB /* MusicPlayer.swift in Sources */ = {isa = PBXBuildFile; fileRef = 36C3C69A29EDAB3900E8A4DB /* MusicPlayer.swift */; };
		36C3C69D29EDAC4800E8A4DB /* RxMusicPlayerDelegate.swift in Sources */ = {isa = PBXBuildFile; fileRef = 36C3C69C29EDAC4800E8A4DB /* RxMusicPlayerDelegate.swift */; };
		36C3C69F29EE167500E8A4DB /* RxCastOrThrow.swift in Sources */ = {isa = PBXBuildFile; fileRef = 36C3C69E29EE167500E8A4DB /* RxCastOrThrow.swift */; };
		36C3C6B329EEC0CA00E8A4DB /* PlaybackIndicator.swift in Sources */ = {isa = PBXBuildFile; fileRef = 36C3C6B229EEC0CA00E8A4DB /* PlaybackIndicator.swift */; };
		36C3C6CB29EF881D00E8A4DB /* REEJI-PinboGB.ttf in Resources */ = {isa = PBXBuildFile; fileRef = 36C3C6CA29EF881D00E8A4DB /* REEJI-PinboGB.ttf */; };
		36C4580D29F8FB4F00A06819 /* PlayListController.swift in Sources */ = {isa = PBXBuildFile; fileRef = 36C4580C29F8FB4F00A06819 /* PlayListController.swift */; };
		36C4580F29F8FB6600A06819 /* PlayListView.swift in Sources */ = {isa = PBXBuildFile; fileRef = 36C4580E29F8FB6600A06819 /* PlayListView.swift */; };
		36C4581329F900BB00A06819 /* PlayListHeader.swift in Sources */ = {isa = PBXBuildFile; fileRef = 36C4581229F900BB00A06819 /* PlayListHeader.swift */; };
		36C4581529F925EE00A06819 /* UITableView+emptyState.swift in Sources */ = {isa = PBXBuildFile; fileRef = 36C4581429F925EE00A06819 /* UITableView+emptyState.swift */; };
		83D01E0F2389BF7C41D44365 /* Pods_HRate.framework in Frameworks */ = {isa = PBXBuildFile; fileRef = 82AD0BBA65EE0367E4E67332 /* Pods_HRate.framework */; };
		FBA2D6181DBF9B7300728078 /* Assets.xcassets in Resources */ = {isa = PBXBuildFile; fileRef = FBA2D6171DBF9B7300728078 /* Assets.xcassets */; };
		FBA2D61B1DBF9B7300728078 /* LaunchScreen.storyboard in Resources */ = {isa = PBXBuildFile; fileRef = FBA2D6191DBF9B7300728078 /* LaunchScreen.storyboard */; };
		FBA2D6791DBF9BD300728078 /* Interface.storyboard in Resources */ = {isa = PBXBuildFile; fileRef = FBA2D6771DBF9BD300728078 /* Interface.storyboard */; };
		FBA2D67B1DBF9BD300728078 /* Assets.xcassets in Resources */ = {isa = PBXBuildFile; fileRef = FBA2D67A1DBF9BD300728078 /* Assets.xcassets */; };
		FBA2D6821DBF9BD400728078 /* WatchKit App Extension.appex in Embed App Extensions */ = {isa = PBXBuildFile; fileRef = FBA2D6811DBF9BD300728078 /* WatchKit App Extension.appex */; settings = {ATTRIBUTES = (RemoveHeadersOnCopy, ); }; };
		FBA2D6871DBF9BD400728078 /* InterfaceController.swift in Sources */ = {isa = PBXBuildFile; fileRef = FBA2D6861DBF9BD400728078 /* InterfaceController.swift */; };
		FBA2D6891DBF9BD400728078 /* ExtensionDelegate.swift in Sources */ = {isa = PBXBuildFile; fileRef = FBA2D6881DBF9BD400728078 /* ExtensionDelegate.swift */; };
		FBA2D68B1DBF9BD400728078 /* ComplicationController.swift in Sources */ = {isa = PBXBuildFile; fileRef = FBA2D68A1DBF9BD400728078 /* ComplicationController.swift */; };
		FBA2D68D1DBF9BD400728078 /* Assets.xcassets in Resources */ = {isa = PBXBuildFile; fileRef = FBA2D68C1DBF9BD400728078 /* Assets.xcassets */; };
		FBA2D6911DBF9BD400728078 /* WatchKit App.app in Embed Watch Content */ = {isa = PBXBuildFile; fileRef = FBA2D6751DBF9BD300728078 /* WatchKit App.app */; };
		FBA2D6B01DBF9C5700728078 /* WatchConnectorConstants.swift in Sources */ = {isa = PBXBuildFile; fileRef = FBA2D6AF1DBF9C5700728078 /* WatchConnectorConstants.swift */; };
		FBA2D6B11DBF9C5700728078 /* WatchConnectorConstants.swift in Sources */ = {isa = PBXBuildFile; fileRef = FBA2D6AF1DBF9C5700728078 /* WatchConnectorConstants.swift */; };
		FBA2D6B81DBF9C8C00728078 /* HeartRateController.swift in Sources */ = {isa = PBXBuildFile; fileRef = FBA2D6B71DBF9C8C00728078 /* HeartRateController.swift */; };
		FBA2D6BD1DBF9C9600728078 /* WorkoutManager.swift in Sources */ = {isa = PBXBuildFile; fileRef = FBA2D6BB1DBF9C9600728078 /* WorkoutManager.swift */; };
		FBA2D6C71DC054E200728078 /* WatchConnector.swift in Sources */ = {isa = PBXBuildFile; fileRef = FBA2D6C61DC054E200728078 /* WatchConnector.swift */; };
		FBA2D6C81DC054E200728078 /* WatchConnector.swift in Sources */ = {isa = PBXBuildFile; fileRef = FBA2D6C61DC054E200728078 /* WatchConnector.swift */; };
/* End PBXBuildFile section */

/* Begin PBXContainerItemProxy section */
		364EA5FA29FB59D00072C792 /* PBXContainerItemProxy */ = {
			isa = PBXContainerItemProxy;
			containerPortal = FBA2D6051DBF9B7300728078 /* Project object */;
			proxyType = 1;
			remoteGlobalIDString = 364EA5F529FB59D00072C792;
			remoteInfo = AEAudio;
		};
		FBA2D6831DBF9BD400728078 /* PBXContainerItemProxy */ = {
			isa = PBXContainerItemProxy;
			containerPortal = FBA2D6051DBF9B7300728078 /* Project object */;
			proxyType = 1;
			remoteGlobalIDString = FBA2D6801DBF9BD300728078;
			remoteInfo = "WatchKit App Extension";
		};
		FBA2D68F1DBF9BD400728078 /* PBXContainerItemProxy */ = {
			isa = PBXContainerItemProxy;
			containerPortal = FBA2D6051DBF9B7300728078 /* Project object */;
			proxyType = 1;
			remoteGlobalIDString = FBA2D6741DBF9BD300728078;
			remoteInfo = "WatchKit App";
		};
/* End PBXContainerItemProxy section */

/* Begin PBXCopyFilesBuildPhase section */
		3670AD3829F2BD600026F2B5 /* Embed Frameworks */ = {
			isa = PBXCopyFilesBuildPhase;
			buildActionMask = 2147483647;
			dstPath = "";
			dstSubfolderSpec = 10;
			files = (
				364EA5FD29FB59D00072C792 /* AEAudio.framework in Embed Frameworks */,
			);
			name = "Embed Frameworks";
			runOnlyForDeploymentPostprocessing = 0;
		};
		FBA2D64A1DBF9BA300728078 /* Embed Watch Content */ = {
			isa = PBXCopyFilesBuildPhase;
			buildActionMask = 2147483647;
			dstPath = "$(CONTENTS_FOLDER_PATH)/Watch";
			dstSubfolderSpec = 16;
			files = (
				FBA2D6911DBF9BD400728078 /* WatchKit App.app in Embed Watch Content */,
			);
			name = "Embed Watch Content";
			runOnlyForDeploymentPostprocessing = 0;
		};
		FBA2D6951DBF9BD400728078 /* Embed App Extensions */ = {
			isa = PBXCopyFilesBuildPhase;
			buildActionMask = 2147483647;
			dstPath = "";
			dstSubfolderSpec = 13;
			files = (
				FBA2D6821DBF9BD400728078 /* WatchKit App Extension.appex in Embed App Extensions */,
			);
			name = "Embed App Extensions";
			runOnlyForDeploymentPostprocessing = 0;
		};
/* End PBXCopyFilesBuildPhase section */

/* Begin PBXFileReference section */
		0A5433B5CC772D99BA3A11AE /* Pods-HRate.release.xcconfig */ = {isa = PBXFileReference; includeInIndex = 1; lastKnownFileType = text.xcconfig; name = "Pods-HRate.release.xcconfig"; path = "Target Support Files/Pods-HRate/Pods-HRate.release.xcconfig"; sourceTree = "<group>"; };
		36151EC129FF62B80092AABF /* Color.swift */ = {isa = PBXFileReference; lastKnownFileType = sourcecode.swift; path = Color.swift; sourceTree = "<group>"; };
		36151EC62A0000D40092AABF /* Toast.swift */ = {isa = PBXFileReference; lastKnownFileType = sourcecode.swift; path = Toast.swift; sourceTree = "<group>"; };
		36151EC82A00D5800092AABF /* Timer.swift */ = {isa = PBXFileReference; lastKnownFileType = sourcecode.swift; path = Timer.swift; sourceTree = "<group>"; };
		36151ECA2A00DC170092AABF /* PumpDescriptionView.swift */ = {isa = PBXFileReference; lastKnownFileType = sourcecode.swift; path = PumpDescriptionView.swift; sourceTree = "<group>"; };
		36151ECE2A00DC5A0092AABF /* PumpZonesView.swift */ = {isa = PBXFileReference; lastKnownFileType = sourcecode.swift; path = PumpZonesView.swift; sourceTree = "<group>"; };
		36151ED02A00DC7C0092AABF /* PumpIndicator.swift */ = {isa = PBXFileReference; lastKnownFileType = sourcecode.swift; path = PumpIndicator.swift; sourceTree = "<group>"; };
		36151ED42A00DCDB0092AABF /* Utils.swift */ = {isa = PBXFileReference; lastKnownFileType = sourcecode.swift; path = Utils.swift; sourceTree = "<group>"; };
		3644E80E29E29DB8005DDEA3 /* OpenSans-SemiBold.ttf */ = {isa = PBXFileReference; lastKnownFileType = file; path = "OpenSans-SemiBold.ttf"; sourceTree = "<group>"; };
		3644E80F29E29DB8005DDEA3 /* OpenSans-Bold.ttf */ = {isa = PBXFileReference; lastKnownFileType = file; path = "OpenSans-Bold.ttf"; sourceTree = "<group>"; };
		3644E81029E29DB8005DDEA3 /* OpenSans-Regular.ttf */ = {isa = PBXFileReference; lastKnownFileType = file; path = "OpenSans-Regular.ttf"; sourceTree = "<group>"; };
		364EA5E729FABA610072C792 /* Public.swift */ = {isa = PBXFileReference; lastKnownFileType = sourcecode.swift; path = Public.swift; sourceTree = "<group>"; };
		364EA5EC29FABAF50072C792 /* R.generated.swift */ = {isa = PBXFileReference; lastKnownFileType = sourcecode.swift; path = R.generated.swift; sourceTree = "<group>"; };
		364EA5EF29FAC1510072C792 /* AudioLibraryManager.swift */ = {isa = PBXFileReference; lastKnownFileType = sourcecode.swift; path = AudioLibraryManager.swift; sourceTree = "<group>"; };
		364EA5F629FB59D00072C792 /* AEAudio.framework */ = {isa = PBXFileReference; explicitFileType = wrapper.framework; includeInIndex = 0; path = AEAudio.framework; sourceTree = BUILT_PRODUCTS_DIR; };
		364EA5F829FB59D00072C792 /* AEAudio.h */ = {isa = PBXFileReference; lastKnownFileType = sourcecode.c.h; path = AEAudio.h; sourceTree = "<group>"; };
		364EA60129FB5CD30072C792 /* AudioInfo.swift */ = {isa = PBXFileReference; lastKnownFileType = sourcecode.swift; path = AudioInfo.swift; sourceTree = "<group>"; };
		364EA61129FB74720072C792 /* AudioBar.swift */ = {isa = PBXFileReference; fileEncoding = 4; lastKnownFileType = sourcecode.swift; path = AudioBar.swift; sourceTree = "<group>"; };
		364EA61429FB7B050072C792 /* AudioPlayer.swift */ = {isa = PBXFileReference; lastKnownFileType = sourcecode.swift; path = AudioPlayer.swift; sourceTree = "<group>"; };
		364EA61729FB7C1C0072C792 /* AudioAnalyzer.swift */ = {isa = PBXFileReference; lastKnownFileType = sourcecode.swift; path = AudioAnalyzer.swift; sourceTree = "<group>"; };
		364EA61929FB7C3D0072C792 /* SpectrumView.swift */ = {isa = PBXFileReference; lastKnownFileType = sourcecode.swift; path = SpectrumView.swift; sourceTree = "<group>"; };
		364EA61B29FB807B0072C792 /* AudioPlayerEnum.swift */ = {isa = PBXFileReference; lastKnownFileType = sourcecode.swift; path = AudioPlayerEnum.swift; sourceTree = "<group>"; };
		364EA61E29FB858F0072C792 /* AudioTime.swift */ = {isa = PBXFileReference; lastKnownFileType = sourcecode.swift; path = AudioTime.swift; sourceTree = "<group>"; };
		364EA62029FB859C0072C792 /* AudioSession.swift */ = {isa = PBXFileReference; lastKnownFileType = sourcecode.swift; path = AudioSession.swift; sourceTree = "<group>"; };
		364EA62229FB8A400072C792 /* AudioRecorder.swift */ = {isa = PBXFileReference; lastKnownFileType = sourcecode.swift; path = AudioRecorder.swift; sourceTree = "<group>"; };
		364EA62429FB8A850072C792 /* AudioRecordEnum.swift */ = {isa = PBXFileReference; lastKnownFileType = sourcecode.swift; path = AudioRecordEnum.swift; sourceTree = "<group>"; };
		364EA62629FB8B5F0072C792 /* RxAudioPlayable.swift */ = {isa = PBXFileReference; lastKnownFileType = sourcecode.swift; path = RxAudioPlayable.swift; sourceTree = "<group>"; };
		364EA62B29FE0B320072C792 /* AERotateImageView.swift */ = {isa = PBXFileReference; lastKnownFileType = sourcecode.swift; path = AERotateImageView.swift; sourceTree = "<group>"; };
		3668663D29F7821E009136B9 /* AEViewRotator.swift */ = {isa = PBXFileReference; fileEncoding = 4; lastKnownFileType = sourcecode.swift; path = AEViewRotator.swift; sourceTree = "<group>"; };
		3668663F29F7823A009136B9 /* AEPlayerView.swift */ = {isa = PBXFileReference; fileEncoding = 4; lastKnownFileType = sourcecode.swift; path = AEPlayerView.swift; sourceTree = "<group>"; };
		3668664329F7851B009136B9 /* AEPlayerController.swift */ = {isa = PBXFileReference; lastKnownFileType = sourcecode.swift; path = AEPlayerController.swift; sourceTree = "<group>"; };
		3668664829F786E8009136B9 /* AudioPlayerViewModel.swift */ = {isa = PBXFileReference; lastKnownFileType = sourcecode.swift; path = AudioPlayerViewModel.swift; sourceTree = "<group>"; };
		3668664A29F78DBB009136B9 /* background.jpg */ = {isa = PBXFileReference; lastKnownFileType = image.jpeg; path = background.jpg; sourceTree = "<group>"; };
		3668664C29F7B3F0009136B9 /* AEPageView.swift */ = {isa = PBXFileReference; lastKnownFileType = sourcecode.swift; path = AEPageView.swift; sourceTree = "<group>"; };
		3668664E29F7B49C009136B9 /* AlbumInfoView.swift */ = {isa = PBXFileReference; lastKnownFileType = sourcecode.swift; path = AlbumInfoView.swift; sourceTree = "<group>"; };
		3668665229F7B79F009136B9 /* PlayerControlView.swift */ = {isa = PBXFileReference; lastKnownFileType = sourcecode.swift; path = PlayerControlView.swift; sourceTree = "<group>"; };
		3668665429F7C47F009136B9 /* HorizontalScrollView.swift */ = {isa = PBXFileReference; lastKnownFileType = sourcecode.swift; path = HorizontalScrollView.swift; sourceTree = "<group>"; };
		366A18AA29FE759C00742718 /* PumpView.swift */ = {isa = PBXFileReference; lastKnownFileType = sourcecode.swift; path = PumpView.swift; sourceTree = "<group>"; };
		3670ACE529EFFB170026F2B5 /* PumpingController.swift */ = {isa = PBXFileReference; lastKnownFileType = sourcecode.swift; path = PumpingController.swift; sourceTree = "<group>"; };
		3670ACE729EFFE110026F2B5 /* OSTimer.swift */ = {isa = PBXFileReference; lastKnownFileType = sourcecode.swift; path = OSTimer.swift; sourceTree = "<group>"; };
		3670ACF529F037F50026F2B5 /* NotificationManager.swift */ = {isa = PBXFileReference; lastKnownFileType = sourcecode.swift; path = NotificationManager.swift; sourceTree = "<group>"; };
		3670ACFA29F14CDE0026F2B5 /* DeviceView.swift */ = {isa = PBXFileReference; lastKnownFileType = sourcecode.swift; path = DeviceView.swift; sourceTree = "<group>"; };
		3670AD0629F1829F0026F2B5 /* deviceGray.png */ = {isa = PBXFileReference; lastKnownFileType = image.png; path = deviceGray.png; sourceTree = "<group>"; };
		3670AD0729F1829F0026F2B5 /* device.png */ = {isa = PBXFileReference; lastKnownFileType = image.png; path = device.png; sourceTree = "<group>"; };
		3670AD4029F3F57A0026F2B5 /* InfoController.swift */ = {isa = PBXFileReference; lastKnownFileType = sourcecode.swift; path = InfoController.swift; sourceTree = "<group>"; };
		3670AD4229F3FFC50026F2B5 /* UserEnitity.swift */ = {isa = PBXFileReference; lastKnownFileType = sourcecode.swift; path = UserEnitity.swift; sourceTree = "<group>"; };
		3670AD4529F4CD7A0026F2B5 /* UserInfo.swift */ = {isa = PBXFileReference; lastKnownFileType = sourcecode.swift; path = UserInfo.swift; sourceTree = "<group>"; };
		3670AD4729F4D4790026F2B5 /* WorkoutData.swift */ = {isa = PBXFileReference; lastKnownFileType = sourcecode.swift; path = WorkoutData.swift; sourceTree = "<group>"; };
		3670AD4929F4D9DB0026F2B5 /* BPMCalculator.swift */ = {isa = PBXFileReference; lastKnownFileType = sourcecode.swift; path = BPMCalculator.swift; sourceTree = "<group>"; };
		3670AD4F29F5182F0026F2B5 /* WCErrorParser.swift */ = {isa = PBXFileReference; lastKnownFileType = sourcecode.swift; path = WCErrorParser.swift; sourceTree = "<group>"; };
		3670AD5229F51CCA0026F2B5 /* HRToast.swift */ = {isa = PBXFileReference; lastKnownFileType = sourcecode.swift; path = HRToast.swift; sourceTree = "<group>"; };
		369BD4ED29E93C7F00CB6B97 /* AppDelegate.swift */ = {isa = PBXFileReference; fileEncoding = 4; lastKnownFileType = sourcecode.swift; path = AppDelegate.swift; sourceTree = "<group>"; };
		369BD4F029E93CB300CB6B97 /* PersistManager.swift */ = {isa = PBXFileReference; fileEncoding = 4; lastKnownFileType = sourcecode.swift; path = PersistManager.swift; sourceTree = "<group>"; };
		369BD4F529E93D9F00CB6B97 /* BPMExporter.swift */ = {isa = PBXFileReference; fileEncoding = 4; lastKnownFileType = sourcecode.swift; path = BPMExporter.swift; sourceTree = "<group>"; };
		369BD4F829E93D9F00CB6B97 /* Binder.swift */ = {isa = PBXFileReference; fileEncoding = 4; lastKnownFileType = sourcecode.swift; path = Binder.swift; sourceTree = "<group>"; };
		369BD4F929E93D9F00CB6B97 /* BPMViewModel.swift */ = {isa = PBXFileReference; fileEncoding = 4; lastKnownFileType = sourcecode.swift; path = BPMViewModel.swift; sourceTree = "<group>"; };
		369BD4FA29E93D9F00CB6B97 /* BPMTracker.swift */ = {isa = PBXFileReference; fileEncoding = 4; lastKnownFileType = sourcecode.swift; path = BPMTracker.swift; sourceTree = "<group>"; };
		369BD4FB29E93D9F00CB6B97 /* BPMController.swift */ = {isa = PBXFileReference; fileEncoding = 4; lastKnownFileType = sourcecode.swift; path = BPMController.swift; sourceTree = "<group>"; };
		369BD4FD29E93D9F00CB6B97 /* AudioEntity.swift */ = {isa = PBXFileReference; fileEncoding = 4; lastKnownFileType = sourcecode.swift; path = AudioEntity.swift; sourceTree = "<group>"; };
		369BD4FF29E93D9F00CB6B97 /* BPMView.swift */ = {isa = PBXFileReference; fileEncoding = 4; lastKnownFileType = sourcecode.swift; path = BPMView.swift; sourceTree = "<group>"; };
		369BD50029E93D9F00CB6B97 /* BPMViewConfig.swift */ = {isa = PBXFileReference; fileEncoding = 4; lastKnownFileType = sourcecode.swift; path = BPMViewConfig.swift; sourceTree = "<group>"; };
		369BD50B29E93E0100CB6B97 /* TimeFormat.swift */ = {isa = PBXFileReference; fileEncoding = 4; lastKnownFileType = sourcecode.swift; path = TimeFormat.swift; sourceTree = "<group>"; };
		369BD50C29E93E0100CB6B97 /* Recorder.swift */ = {isa = PBXFileReference; fileEncoding = 4; lastKnownFileType = sourcecode.swift; path = Recorder.swift; sourceTree = "<group>"; };
		369BD50E29E93E0100CB6B97 /* Constants.swift */ = {isa = PBXFileReference; fileEncoding = 4; lastKnownFileType = sourcecode.swift; path = Constants.swift; sourceTree = "<group>"; };
		369BD50F29E93E0100CB6B97 /* AvgMinMaxBar.swift */ = {isa = PBXFileReference; fileEncoding = 4; lastKnownFileType = sourcecode.swift; path = AvgMinMaxBar.swift; sourceTree = "<group>"; };
		369BD51029E93E0100CB6B97 /* Label.swift */ = {isa = PBXFileReference; fileEncoding = 4; lastKnownFileType = sourcecode.swift; path = Label.swift; sourceTree = "<group>"; };
		369BD51129E93E0100CB6B97 /* Stack.swift */ = {isa = PBXFileReference; fileEncoding = 4; lastKnownFileType = sourcecode.swift; path = Stack.swift; sourceTree = "<group>"; };
		369BD51229E93E0100CB6B97 /* Toast.swift */ = {isa = PBXFileReference; fileEncoding = 4; lastKnownFileType = sourcecode.swift; path = Toast.swift; sourceTree = "<group>"; };
		369BD51329E93E0100CB6B97 /* RecordButton.swift */ = {isa = PBXFileReference; fileEncoding = 4; lastKnownFileType = sourcecode.swift; path = RecordButton.swift; sourceTree = "<group>"; };
		36A8B4512A0112DF0065B48F /* UIButton + NoRepeat.swift */ = {isa = PBXFileReference; lastKnownFileType = sourcecode.swift; path = "UIButton + NoRepeat.swift"; sourceTree = "<group>"; };
		36A8B4532A0119270065B48F /* UIButton + Extra.swift */ = {isa = PBXFileReference; lastKnownFileType = sourcecode.swift; path = "UIButton + Extra.swift"; sourceTree = "<group>"; };
		36A8B4BB2A0172AC0065B48F /* MetalKit.framework */ = {isa = PBXFileReference; lastKnownFileType = wrapper.framework; name = MetalKit.framework; path = Platforms/MacOSX.platform/Developer/SDKs/MacOSX13.1.sdk/System/iOSSupport/System/Library/Frameworks/MetalKit.framework; sourceTree = DEVELOPER_DIR; };
		36A8B4BD2A0172BC0065B48F /* Metal.framework */ = {isa = PBXFileReference; lastKnownFileType = wrapper.framework; name = Metal.framework; path = Platforms/MacOSX.platform/Developer/SDKs/MacOSX13.1.sdk/System/Library/Frameworks/Metal.framework; sourceTree = DEVELOPER_DIR; };
		36C3C69429ED82D400E8A4DB /* LineChartHeaderView.swift */ = {isa = PBXFileReference; lastKnownFileType = sourcecode.swift; path = LineChartHeaderView.swift; sourceTree = "<group>"; };
		36C3C69829ED845800E8A4DB /* AudioCell.swift */ = {isa = PBXFileReference; lastKnownFileType = sourcecode.swift; path = AudioCell.swift; sourceTree = "<group>"; };
		36C3C69A29EDAB3900E8A4DB /* MusicPlayer.swift */ = {isa = PBXFileReference; lastKnownFileType = sourcecode.swift; path = MusicPlayer.swift; sourceTree = "<group>"; };
		36C3C69C29EDAC4800E8A4DB /* RxMusicPlayerDelegate.swift */ = {isa = PBXFileReference; lastKnownFileType = sourcecode.swift; path = RxMusicPlayerDelegate.swift; sourceTree = "<group>"; };
		36C3C69E29EE167500E8A4DB /* RxCastOrThrow.swift */ = {isa = PBXFileReference; fileEncoding = 4; lastKnownFileType = sourcecode.swift; path = RxCastOrThrow.swift; sourceTree = "<group>"; };
		36C3C6B229EEC0CA00E8A4DB /* PlaybackIndicator.swift */ = {isa = PBXFileReference; lastKnownFileType = sourcecode.swift; path = PlaybackIndicator.swift; sourceTree = "<group>"; };
		36C3C6CA29EF881D00E8A4DB /* REEJI-PinboGB.ttf */ = {isa = PBXFileReference; lastKnownFileType = file; path = "REEJI-PinboGB.ttf"; sourceTree = "<group>"; };
		36C4580C29F8FB4F00A06819 /* PlayListController.swift */ = {isa = PBXFileReference; lastKnownFileType = sourcecode.swift; path = PlayListController.swift; sourceTree = "<group>"; };
		36C4580E29F8FB6600A06819 /* PlayListView.swift */ = {isa = PBXFileReference; lastKnownFileType = sourcecode.swift; path = PlayListView.swift; sourceTree = "<group>"; };
		36C4581229F900BB00A06819 /* PlayListHeader.swift */ = {isa = PBXFileReference; lastKnownFileType = sourcecode.swift; path = PlayListHeader.swift; sourceTree = "<group>"; };
		36C4581429F925EE00A06819 /* UITableView+emptyState.swift */ = {isa = PBXFileReference; lastKnownFileType = sourcecode.swift; path = "UITableView+emptyState.swift"; sourceTree = "<group>"; };
		6890F261DD9D9730BD9EF681 /* Pods-HRate.debug.xcconfig */ = {isa = PBXFileReference; includeInIndex = 1; lastKnownFileType = text.xcconfig; name = "Pods-HRate.debug.xcconfig"; path = "Target Support Files/Pods-HRate/Pods-HRate.debug.xcconfig"; sourceTree = "<group>"; };
		82AD0BBA65EE0367E4E67332 /* Pods_HRate.framework */ = {isa = PBXFileReference; explicitFileType = wrapper.framework; includeInIndex = 0; path = Pods_HRate.framework; sourceTree = BUILT_PRODUCTS_DIR; };
		FB1EA2C51DD0001F008CCFFD /* SystemConfiguration.framework */ = {isa = PBXFileReference; lastKnownFileType = wrapper.framework; name = SystemConfiguration.framework; path = System/Library/Frameworks/SystemConfiguration.framework; sourceTree = SDKROOT; };
		FBA2D60D1DBF9B7300728078 /* HRate.app */ = {isa = PBXFileReference; explicitFileType = wrapper.application; includeInIndex = 0; path = HRate.app; sourceTree = BUILT_PRODUCTS_DIR; };
		FBA2D6171DBF9B7300728078 /* Assets.xcassets */ = {isa = PBXFileReference; lastKnownFileType = folder.assetcatalog; path = Assets.xcassets; sourceTree = "<group>"; };
		FBA2D61A1DBF9B7300728078 /* Base */ = {isa = PBXFileReference; lastKnownFileType = file.storyboard; name = Base; path = Base.lproj/LaunchScreen.storyboard; sourceTree = "<group>"; };
		FBA2D61C1DBF9B7300728078 /* Info.plist */ = {isa = PBXFileReference; lastKnownFileType = text.plist.xml; path = Info.plist; sourceTree = "<group>"; };
		FBA2D6751DBF9BD300728078 /* WatchKit App.app */ = {isa = PBXFileReference; explicitFileType = wrapper.application; includeInIndex = 0; path = "WatchKit App.app"; sourceTree = BUILT_PRODUCTS_DIR; };
		FBA2D6781DBF9BD300728078 /* Base */ = {isa = PBXFileReference; lastKnownFileType = file.storyboard; name = Base; path = Base.lproj/Interface.storyboard; sourceTree = "<group>"; };
		FBA2D67A1DBF9BD300728078 /* Assets.xcassets */ = {isa = PBXFileReference; lastKnownFileType = folder.assetcatalog; path = Assets.xcassets; sourceTree = "<group>"; };
		FBA2D67C1DBF9BD300728078 /* Info.plist */ = {isa = PBXFileReference; lastKnownFileType = text.plist.xml; path = Info.plist; sourceTree = "<group>"; };
		FBA2D6811DBF9BD300728078 /* WatchKit App Extension.appex */ = {isa = PBXFileReference; explicitFileType = "wrapper.app-extension"; includeInIndex = 0; path = "WatchKit App Extension.appex"; sourceTree = BUILT_PRODUCTS_DIR; };
		FBA2D6861DBF9BD400728078 /* InterfaceController.swift */ = {isa = PBXFileReference; lastKnownFileType = sourcecode.swift; path = InterfaceController.swift; sourceTree = "<group>"; };
		FBA2D6881DBF9BD400728078 /* ExtensionDelegate.swift */ = {isa = PBXFileReference; lastKnownFileType = sourcecode.swift; path = ExtensionDelegate.swift; sourceTree = "<group>"; };
		FBA2D68A1DBF9BD400728078 /* ComplicationController.swift */ = {isa = PBXFileReference; lastKnownFileType = sourcecode.swift; path = ComplicationController.swift; sourceTree = "<group>"; };
		FBA2D68C1DBF9BD400728078 /* Assets.xcassets */ = {isa = PBXFileReference; lastKnownFileType = folder.assetcatalog; path = Assets.xcassets; sourceTree = "<group>"; };
		FBA2D68E1DBF9BD400728078 /* Info.plist */ = {isa = PBXFileReference; lastKnownFileType = text.plist.xml; path = Info.plist; sourceTree = "<group>"; };
		FBA2D6AF1DBF9C5700728078 /* WatchConnectorConstants.swift */ = {isa = PBXFileReference; fileEncoding = 4; lastKnownFileType = sourcecode.swift; path = WatchConnectorConstants.swift; sourceTree = "<group>"; };
		FBA2D6B61DBF9C6E00728078 /* HRate.entitlements */ = {isa = PBXFileReference; lastKnownFileType = text.plist.entitlements; path = HRate.entitlements; sourceTree = "<group>"; };
		FBA2D6B71DBF9C8C00728078 /* HeartRateController.swift */ = {isa = PBXFileReference; fileEncoding = 4; lastKnownFileType = sourcecode.swift; path = HeartRateController.swift; sourceTree = "<group>"; };
		FBA2D6BB1DBF9C9600728078 /* WorkoutManager.swift */ = {isa = PBXFileReference; fileEncoding = 4; lastKnownFileType = sourcecode.swift; path = WorkoutManager.swift; sourceTree = "<group>"; };
		FBA2D6BE1DBF9CBF00728078 /* BridgeHeader.h */ = {isa = PBXFileReference; lastKnownFileType = sourcecode.c.h; path = BridgeHeader.h; sourceTree = "<group>"; };
		FBA2D6C01DBF9DAA00728078 /* HealthKit.framework */ = {isa = PBXFileReference; lastKnownFileType = wrapper.framework; name = HealthKit.framework; path = System/Library/Frameworks/HealthKit.framework; sourceTree = SDKROOT; };
		FBA2D6C21DBF9DAE00728078 /* WatchKit App Extension.entitlements */ = {isa = PBXFileReference; lastKnownFileType = text.plist.entitlements; path = "WatchKit App Extension.entitlements"; sourceTree = "<group>"; };
		FBA2D6C61DC054E200728078 /* WatchConnector.swift */ = {isa = PBXFileReference; fileEncoding = 4; lastKnownFileType = sourcecode.swift; path = WatchConnector.swift; sourceTree = "<group>"; };
/* End PBXFileReference section */

/* Begin PBXFrameworksBuildPhase section */
		364EA5F329FB59D00072C792 /* Frameworks */ = {
			isa = PBXFrameworksBuildPhase;
			buildActionMask = 2147483647;
			files = (
				36A8B4BE2A0172BC0065B48F /* Metal.framework in Frameworks */,
				36A8B4BC2A0172AC0065B48F /* MetalKit.framework in Frameworks */,
			);
			runOnlyForDeploymentPostprocessing = 0;
		};
		E1998DAF3BF388F72257380F /* Frameworks */ = {
			isa = PBXFrameworksBuildPhase;
			buildActionMask = 2147483647;
			files = (
			);
			runOnlyForDeploymentPostprocessing = 0;
		};
		FBA2D60A1DBF9B7300728078 /* Frameworks */ = {
			isa = PBXFrameworksBuildPhase;
			buildActionMask = 2147483647;
			files = (
				83D01E0F2389BF7C41D44365 /* Pods_HRate.framework in Frameworks */,
				364EA5FC29FB59D00072C792 /* AEAudio.framework in Frameworks */,
			);
			runOnlyForDeploymentPostprocessing = 0;
		};
		FBA2D67E1DBF9BD300728078 /* Frameworks */ = {
			isa = PBXFrameworksBuildPhase;
			buildActionMask = 2147483647;
			files = (
			);
			runOnlyForDeploymentPostprocessing = 0;
		};
/* End PBXFrameworksBuildPhase section */

/* Begin PBXGroup section */
		36151EBE29FF62370092AABF /* Pump */ = {
			isa = PBXGroup;
			children = (
				36151ED32A00DCC80092AABF /* Utils */,
				36151EC329FF62D40092AABF /* Color */,
				36151EC029FF62640092AABF /* View */,
				3670ACE529EFFB170026F2B5 /* PumpingController.swift */,
			);
			path = Pump;
			sourceTree = "<group>";
		};
		36151EBF29FF624A0092AABF /* Control */ = {
			isa = PBXGroup;
			children = (
				FBA2D6861DBF9BD400728078 /* InterfaceController.swift */,
			);
			path = Control;
			sourceTree = "<group>";
		};
		36151EC029FF62640092AABF /* View */ = {
			isa = PBXGroup;
			children = (
				366A18AA29FE759C00742718 /* PumpView.swift */,
				36151ECA2A00DC170092AABF /* PumpDescriptionView.swift */,
				36151ECE2A00DC5A0092AABF /* PumpZonesView.swift */,
				36151ED02A00DC7C0092AABF /* PumpIndicator.swift */,
			);
			path = View;
			sourceTree = "<group>";
		};
		36151EC329FF62D40092AABF /* Color */ = {
			isa = PBXGroup;
			children = (
				36151EC129FF62B80092AABF /* Color.swift */,
			);
			path = Color;
			sourceTree = "<group>";
		};
		36151ED32A00DCC80092AABF /* Utils */ = {
			isa = PBXGroup;
			children = (
				36151ED42A00DCDB0092AABF /* Utils.swift */,
				36151EC82A00D5800092AABF /* Timer.swift */,
			);
			path = Utils;
			sourceTree = "<group>";
		};
		3644E80D29E29DB8005DDEA3 /* Fonts */ = {
			isa = PBXGroup;
			children = (
				36C3C6CA29EF881D00E8A4DB /* REEJI-PinboGB.ttf */,
				3644E80E29E29DB8005DDEA3 /* OpenSans-SemiBold.ttf */,
				3644E80F29E29DB8005DDEA3 /* OpenSans-Bold.ttf */,
				3644E81029E29DB8005DDEA3 /* OpenSans-Regular.ttf */,
			);
			path = Fonts;
			sourceTree = "<group>";
		};
		364EA5E629FABA560072C792 /* Public */ = {
			isa = PBXGroup;
			children = (
				364EA5E729FABA610072C792 /* Public.swift */,
			);
			path = Public;
			sourceTree = "<group>";
		};
		364EA5E929FABAA30072C792 /* Resources */ = {
			isa = PBXGroup;
			children = (
				364EA5EB29FABAC20072C792 /* R.swift */,
				3644E80D29E29DB8005DDEA3 /* Fonts */,
				364EA5EA29FABAAC0072C792 /* Image */,
			);
			path = Resources;
			sourceTree = "<group>";
		};
		364EA5EA29FABAAC0072C792 /* Image */ = {
			isa = PBXGroup;
			children = (
				3670AD0729F1829F0026F2B5 /* device.png */,
				3670AD0629F1829F0026F2B5 /* deviceGray.png */,
			);
			path = Image;
			sourceTree = "<group>";
		};
		364EA5EB29FABAC20072C792 /* R.swift */ = {
			isa = PBXGroup;
			children = (
				364EA5EC29FABAF50072C792 /* R.generated.swift */,
			);
			path = R.swift;
			sourceTree = "<group>";
		};
		364EA5F729FB59D00072C792 /* AEAudio */ = {
			isa = PBXGroup;
			children = (
				364EA61D29FB85790072C792 /* Utils */,
				364EA60429FB626C0072C792 /* Record */,
				364EA60329FB62660072C792 /* Play */,
				364EA5F829FB59D00072C792 /* AEAudio.h */,
			);
			path = AEAudio;
			sourceTree = "<group>";
		};
		364EA60329FB62660072C792 /* Play */ = {
			isa = PBXGroup;
			children = (
				3668663D29F7821E009136B9 /* AEViewRotator.swift */,
				364EA62B29FE0B320072C792 /* AERotateImageView.swift */,
				364EA61129FB74720072C792 /* AudioBar.swift */,
				364EA60129FB5CD30072C792 /* AudioInfo.swift */,
				364EA61429FB7B050072C792 /* AudioPlayer.swift */,
				364EA61929FB7C3D0072C792 /* SpectrumView.swift */,
				364EA61B29FB807B0072C792 /* AudioPlayerEnum.swift */,
			);
			path = Play;
			sourceTree = "<group>";
		};
		364EA60429FB626C0072C792 /* Record */ = {
			isa = PBXGroup;
			children = (
				364EA62229FB8A400072C792 /* AudioRecorder.swift */,
				364EA62429FB8A850072C792 /* AudioRecordEnum.swift */,
			);
			path = Record;
			sourceTree = "<group>";
		};
		364EA61D29FB85790072C792 /* Utils */ = {
			isa = PBXGroup;
			children = (
				3670ACE729EFFE110026F2B5 /* OSTimer.swift */,
				364EA61E29FB858F0072C792 /* AudioTime.swift */,
				364EA62029FB859C0072C792 /* AudioSession.swift */,
				364EA61729FB7C1C0072C792 /* AudioAnalyzer.swift */,
			);
			path = Utils;
			sourceTree = "<group>";
		};
		365162BF29F82B2A008FE362 /* PlayList */ = {
			isa = PBXGroup;
			children = (
				36C4580C29F8FB4F00A06819 /* PlayListController.swift */,
				36C4580E29F8FB6600A06819 /* PlayListView.swift */,
				36C4581229F900BB00A06819 /* PlayListHeader.swift */,
				364EA5EF29FAC1510072C792 /* AudioLibraryManager.swift */,
			);
			path = PlayList;
			sourceTree = "<group>";
		};
		3668664529F78520009136B9 /* ViewModel */ = {
			isa = PBXGroup;
			children = (
				3668664A29F78DBB009136B9 /* background.jpg */,
				3668664829F786E8009136B9 /* AudioPlayerViewModel.swift */,
			);
			path = ViewModel;
			sourceTree = "<group>";
		};
		3668665029F7B596009136B9 /* Album */ = {
			isa = PBXGroup;
			children = (
				3668664E29F7B49C009136B9 /* AlbumInfoView.swift */,
				3668665429F7C47F009136B9 /* HorizontalScrollView.swift */,
			);
			path = Album;
			sourceTree = "<group>";
		};
		3668665129F7B5AA009136B9 /* Control */ = {
			isa = PBXGroup;
			children = (
				3668664C29F7B3F0009136B9 /* AEPageView.swift */,
				3668665229F7B79F009136B9 /* PlayerControlView.swift */,
			);
			path = Control;
			sourceTree = "<group>";
		};
		3670ACEB29F028BF0026F2B5 /* Complication */ = {
			isa = PBXGroup;
			children = (
				FBA2D68A1DBF9BD400728078 /* ComplicationController.swift */,
				FBA2D6B71DBF9C8C00728078 /* HeartRateController.swift */,
			);
			name = Complication;
			sourceTree = "<group>";
		};
		3670ACEC29F028CB0026F2B5 /* UserInterface */ = {
			isa = PBXGroup;
			children = (
				36151EBF29FF624A0092AABF /* Control */,
				36151EBE29FF62370092AABF /* Pump */,
				3670AD4429F4C9020026F2B5 /* Calculate */,
			);
			name = UserInterface;
			sourceTree = "<group>";
		};
		3670ACED29F028E30026F2B5 /* Application */ = {
			isa = PBXGroup;
			children = (
				3670AD6329F57E750026F2B5 /* Public */,
				FBA2D6881DBF9BD400728078 /* ExtensionDelegate.swift */,
				3670ACEC29F028CB0026F2B5 /* UserInterface */,
			);
			name = Application;
			sourceTree = "<group>";
		};
		3670AD4429F4C9020026F2B5 /* Calculate */ = {
			isa = PBXGroup;
			children = (
				3670AD4529F4CD7A0026F2B5 /* UserInfo.swift */,
				3670AD4729F4D4790026F2B5 /* WorkoutData.swift */,
				3670AD4929F4D9DB0026F2B5 /* BPMCalculator.swift */,
			);
			path = Calculate;
			sourceTree = "<group>";
		};
		3670AD6329F57E750026F2B5 /* Public */ = {
			isa = PBXGroup;
			children = (
				3670ACF529F037F50026F2B5 /* NotificationManager.swift */,
				FBA2D6BB1DBF9C9600728078 /* WorkoutManager.swift */,
				36151EC62A0000D40092AABF /* Toast.swift */,
			);
			name = Public;
			sourceTree = "<group>";
		};
		369BD4E829E93B4100CB6B97 /* Shared */ = {
			isa = PBXGroup;
			children = (
				FBA2D6C61DC054E200728078 /* WatchConnector.swift */,
				FBA2D6AF1DBF9C5700728078 /* WatchConnectorConstants.swift */,
				3670AD4F29F5182F0026F2B5 /* WCErrorParser.swift */,
			);
			path = Shared;
			sourceTree = "<group>";
		};
		369BD4EC29E93C7F00CB6B97 /* Application */ = {
			isa = PBXGroup;
			children = (
				369BD4ED29E93C7F00CB6B97 /* AppDelegate.swift */,
			);
			path = Application;
			sourceTree = "<group>";
		};
		369BD4EF29E93CB300CB6B97 /* Storge */ = {
			isa = PBXGroup;
			children = (
				369BD4F029E93CB300CB6B97 /* PersistManager.swift */,
			);
			path = Storge;
			sourceTree = "<group>";
		};
		369BD4F229E93D9F00CB6B97 /* Module */ = {
			isa = PBXGroup;
			children = (
				369BD4F329E93D9F00CB6B97 /* History */,
				369BD4F629E93D9F00CB6B97 /* HeartRate */,
			);
			path = Module;
			sourceTree = "<group>";
		};
		369BD4F329E93D9F00CB6B97 /* History */ = {
			isa = PBXGroup;
			children = (
				36C4581829F945CF00A06819 /* AVAudioPlayer */,
				36AEE4FF29F77A5500EA2159 /* AEPlayer */,
				36C3C6A629EE52AC00E8A4DB /* View */,
				36C3C6A529EE529300E8A4DB /* DataExport */,
			);
			path = History;
			sourceTree = "<group>";
		};
		369BD4F629E93D9F00CB6B97 /* HeartRate */ = {
			isa = PBXGroup;
			children = (
				36C3C6A729EE52C200E8A4DB /* Track */,
				369BD4F729E93D9F00CB6B97 /* ViewModel */,
				369BD4FC29E93D9F00CB6B97 /* Model */,
				369BD4FE29E93D9F00CB6B97 /* View */,
				369BD4FB29E93D9F00CB6B97 /* BPMController.swift */,
				3670AD4029F3F57A0026F2B5 /* InfoController.swift */,
			);
			path = HeartRate;
			sourceTree = "<group>";
		};
		369BD4F729E93D9F00CB6B97 /* ViewModel */ = {
			isa = PBXGroup;
			children = (
				369BD4F829E93D9F00CB6B97 /* Binder.swift */,
				369BD4F929E93D9F00CB6B97 /* BPMViewModel.swift */,
			);
			path = ViewModel;
			sourceTree = "<group>";
		};
		369BD4FC29E93D9F00CB6B97 /* Model */ = {
			isa = PBXGroup;
			children = (
				369BD4FD29E93D9F00CB6B97 /* AudioEntity.swift */,
				3670AD4229F3FFC50026F2B5 /* UserEnitity.swift */,
			);
			path = Model;
			sourceTree = "<group>";
		};
		369BD4FE29E93D9F00CB6B97 /* View */ = {
			isa = PBXGroup;
			children = (
				369BD4FF29E93D9F00CB6B97 /* BPMView.swift */,
				369BD50029E93D9F00CB6B97 /* BPMViewConfig.swift */,
				3670ACFA29F14CDE0026F2B5 /* DeviceView.swift */,
			);
			path = View;
			sourceTree = "<group>";
		};
		369BD50A29E93E0100CB6B97 /* Utility */ = {
			isa = PBXGroup;
			children = (
				36C3C69E29EE167500E8A4DB /* RxCastOrThrow.swift */,
				369BD50B29E93E0100CB6B97 /* TimeFormat.swift */,
				369BD50C29E93E0100CB6B97 /* Recorder.swift */,
				369BD50D29E93E0100CB6B97 /* UIComponents */,
				36C4581429F925EE00A06819 /* UITableView+emptyState.swift */,
				36A8B4512A0112DF0065B48F /* UIButton + NoRepeat.swift */,
				36A8B4532A0119270065B48F /* UIButton + Extra.swift */,
			);
			path = Utility;
			sourceTree = "<group>";
		};
		369BD50D29E93E0100CB6B97 /* UIComponents */ = {
			isa = PBXGroup;
			children = (
				369BD50E29E93E0100CB6B97 /* Constants.swift */,
				369BD50F29E93E0100CB6B97 /* AvgMinMaxBar.swift */,
				369BD51029E93E0100CB6B97 /* Label.swift */,
				369BD51129E93E0100CB6B97 /* Stack.swift */,
				369BD51229E93E0100CB6B97 /* Toast.swift */,
				369BD51329E93E0100CB6B97 /* RecordButton.swift */,
				3670AD5229F51CCA0026F2B5 /* HRToast.swift */,
			);
			path = UIComponents;
			sourceTree = "<group>";
		};
		36AEE4FF29F77A5500EA2159 /* AEPlayer */ = {
			isa = PBXGroup;
			children = (
				365162BF29F82B2A008FE362 /* PlayList */,
				3668664529F78520009136B9 /* ViewModel */,
				36AEE50D29F77AB100EA2159 /* View */,
				36AEE50029F77A8500EA2159 /* Core */,
				3668664329F7851B009136B9 /* AEPlayerController.swift */,
			);
			path = AEPlayer;
			sourceTree = "<group>";
		};
		36AEE50029F77A8500EA2159 /* Core */ = {
			isa = PBXGroup;
			children = (
				364EA62629FB8B5F0072C792 /* RxAudioPlayable.swift */,
			);
			path = Core;
			sourceTree = "<group>";
		};
		36AEE50D29F77AB100EA2159 /* View */ = {
			isa = PBXGroup;
			children = (
				3668665129F7B5AA009136B9 /* Control */,
				3668665029F7B596009136B9 /* Album */,
				3668663F29F7823A009136B9 /* AEPlayerView.swift */,
			);
			path = View;
			sourceTree = "<group>";
		};
		36C3C6A529EE529300E8A4DB /* DataExport */ = {
			isa = PBXGroup;
			children = (
				369BD4F529E93D9F00CB6B97 /* BPMExporter.swift */,
			);
			path = DataExport;
			sourceTree = "<group>";
		};
		36C3C6A629EE52AC00E8A4DB /* View */ = {
			isa = PBXGroup;
			children = (
				36C3C69429ED82D400E8A4DB /* LineChartHeaderView.swift */,
				36C3C69829ED845800E8A4DB /* AudioCell.swift */,
				36C3C6B229EEC0CA00E8A4DB /* PlaybackIndicator.swift */,
			);
			path = View;
			sourceTree = "<group>";
		};
		36C3C6A729EE52C200E8A4DB /* Track */ = {
			isa = PBXGroup;
			children = (
				369BD4FA29E93D9F00CB6B97 /* BPMTracker.swift */,
			);
			path = Track;
			sourceTree = "<group>";
		};
		36C4581829F945CF00A06819 /* AVAudioPlayer */ = {
			isa = PBXGroup;
			children = (
				36C3C69A29EDAB3900E8A4DB /* MusicPlayer.swift */,
				36C3C69C29EDAC4800E8A4DB /* RxMusicPlayerDelegate.swift */,
			);
			path = AVAudioPlayer;
			sourceTree = "<group>";
		};
		9C0B78B3EF604FE8B0A3FF61 /* Pods */ = {
			isa = PBXGroup;
			children = (
				6890F261DD9D9730BD9EF681 /* Pods-HRate.debug.xcconfig */,
				0A5433B5CC772D99BA3A11AE /* Pods-HRate.release.xcconfig */,
			);
			path = Pods;
			sourceTree = "<group>";
		};
		FB11C5D61E03790B00FE72D0 /* Support Files */ = {
			isa = PBXGroup;
			children = (
				364EA5E929FABAA30072C792 /* Resources */,
				FBA2D61C1DBF9B7300728078 /* Info.plist */,
				FBA2D6191DBF9B7300728078 /* LaunchScreen.storyboard */,
				FBA2D6B61DBF9C6E00728078 /* HRate.entitlements */,
				FBA2D6171DBF9B7300728078 /* Assets.xcassets */,
				FBA2D6BE1DBF9CBF00728078 /* BridgeHeader.h */,
			);
			name = "Support Files";
			sourceTree = "<group>";
		};
		FB11C5D71E03794600FE72D0 /* Support Files */ = {
			isa = PBXGroup;
			children = (
				FBA2D68C1DBF9BD400728078 /* Assets.xcassets */,
				FBA2D68E1DBF9BD400728078 /* Info.plist */,
				FBA2D6C21DBF9DAE00728078 /* WatchKit App Extension.entitlements */,
			);
			name = "Support Files";
			sourceTree = "<group>";
		};
		FBA2D6041DBF9B7300728078 = {
			isa = PBXGroup;
			children = (
				369BD4E829E93B4100CB6B97 /* Shared */,
				FBA2D60F1DBF9B7300728078 /* iOS App */,
				FBA2D6761DBF9BD300728078 /* WatchKit App */,
				FBA2D6851DBF9BD400728078 /* WatchKit App Extension */,
				364EA5F729FB59D00072C792 /* AEAudio */,
				FBA2D6BF1DBF9DAA00728078 /* Frameworks */,
				FBA2D60E1DBF9B7300728078 /* Products */,
				9C0B78B3EF604FE8B0A3FF61 /* Pods */,
			);
			sourceTree = "<group>";
		};
		FBA2D60E1DBF9B7300728078 /* Products */ = {
			isa = PBXGroup;
			children = (
				FBA2D60D1DBF9B7300728078 /* HRate.app */,
				FBA2D6751DBF9BD300728078 /* WatchKit App.app */,
				FBA2D6811DBF9BD300728078 /* WatchKit App Extension.appex */,
				364EA5F629FB59D00072C792 /* AEAudio.framework */,
			);
			name = Products;
			sourceTree = "<group>";
		};
		FBA2D60F1DBF9B7300728078 /* iOS App */ = {
			isa = PBXGroup;
			children = (
				364EA5E629FABA560072C792 /* Public */,
				369BD50A29E93E0100CB6B97 /* Utility */,
				369BD4F229E93D9F00CB6B97 /* Module */,
				369BD4EF29E93CB300CB6B97 /* Storge */,
				369BD4EC29E93C7F00CB6B97 /* Application */,
				FB11C5D61E03790B00FE72D0 /* Support Files */,
			);
			name = "iOS App";
			path = HeartRate;
			sourceTree = "<group>";
		};
		FBA2D6761DBF9BD300728078 /* WatchKit App */ = {
			isa = PBXGroup;
			children = (
				FBA2D6771DBF9BD300728078 /* Interface.storyboard */,
				FBA2D67A1DBF9BD300728078 /* Assets.xcassets */,
				FBA2D67C1DBF9BD300728078 /* Info.plist */,
			);
			path = "WatchKit App";
			sourceTree = "<group>";
		};
		FBA2D6851DBF9BD400728078 /* WatchKit App Extension */ = {
			isa = PBXGroup;
			children = (
				3670ACED29F028E30026F2B5 /* Application */,
				3670ACEB29F028BF0026F2B5 /* Complication */,
				FB11C5D71E03794600FE72D0 /* Support Files */,
			);
			path = "WatchKit App Extension";
			sourceTree = "<group>";
		};
		FBA2D6BF1DBF9DAA00728078 /* Frameworks */ = {
			isa = PBXGroup;
			children = (
				36A8B4BD2A0172BC0065B48F /* Metal.framework */,
				36A8B4BB2A0172AC0065B48F /* MetalKit.framework */,
				FB1EA2C51DD0001F008CCFFD /* SystemConfiguration.framework */,
				FBA2D6C01DBF9DAA00728078 /* HealthKit.framework */,
				82AD0BBA65EE0367E4E67332 /* Pods_HRate.framework */,
			);
			name = Frameworks;
			sourceTree = "<group>";
		};
/* End PBXGroup section */

/* Begin PBXHeadersBuildPhase section */
		364EA5F129FB59D00072C792 /* Headers */ = {
			isa = PBXHeadersBuildPhase;
			buildActionMask = 2147483647;
			files = (
				364EA5F929FB59D00072C792 /* AEAudio.h in Headers */,
			);
			runOnlyForDeploymentPostprocessing = 0;
		};
/* End PBXHeadersBuildPhase section */

/* Begin PBXNativeTarget section */
		364EA5F529FB59D00072C792 /* AEAudio */ = {
			isa = PBXNativeTarget;
			buildConfigurationList = 364EA5FE29FB59D00072C792 /* Build configuration list for PBXNativeTarget "AEAudio" */;
			buildPhases = (
				364EA5F129FB59D00072C792 /* Headers */,
				364EA5F229FB59D00072C792 /* Sources */,
				364EA5F329FB59D00072C792 /* Frameworks */,
				364EA5F429FB59D00072C792 /* Resources */,
			);
			buildRules = (
			);
			dependencies = (
			);
			name = AEAudio;
			productName = AEAudio;
			productReference = 364EA5F629FB59D00072C792 /* AEAudio.framework */;
			productType = "com.apple.product-type.framework";
		};
		FBA2D60C1DBF9B7300728078 /* HRate */ = {
			isa = PBXNativeTarget;
			buildConfigurationList = FBA2D61F1DBF9B7300728078 /* Build configuration list for PBXNativeTarget "HRate" */;
			buildPhases = (
				72B6A497AC7CE7C5D00B14E1 /* [CP] Check Pods Manifest.lock */,
				364EA5E529FABA010072C792 /* R.swift */,
				FBA2D6091DBF9B7300728078 /* Sources */,
				FBA2D60A1DBF9B7300728078 /* Frameworks */,
				FBA2D60B1DBF9B7300728078 /* Resources */,
				FBA2D64A1DBF9BA300728078 /* Embed Watch Content */,
				8B6062EE86AD60344110852D /* [CP] Embed Pods Frameworks */,
				3670AD3829F2BD600026F2B5 /* Embed Frameworks */,
			);
			buildRules = (
			);
			dependencies = (
				FBA2D6901DBF9BD400728078 /* PBXTargetDependency */,
				364EA5FB29FB59D00072C792 /* PBXTargetDependency */,
			);
			name = HRate;
			productName = HeartRate;
			productReference = FBA2D60D1DBF9B7300728078 /* HRate.app */;
			productType = "com.apple.product-type.application";
		};
		FBA2D6741DBF9BD300728078 /* WatchKit App */ = {
			isa = PBXNativeTarget;
			buildConfigurationList = FBA2D6961DBF9BD400728078 /* Build configuration list for PBXNativeTarget "WatchKit App" */;
			buildPhases = (
				FBA2D6731DBF9BD300728078 /* Resources */,
				FBA2D6951DBF9BD400728078 /* Embed App Extensions */,
				E1998DAF3BF388F72257380F /* Frameworks */,
			);
			buildRules = (
			);
			dependencies = (
				FBA2D6841DBF9BD400728078 /* PBXTargetDependency */,
			);
			name = "WatchKit App";
			productName = "WatchKit App";
			productReference = FBA2D6751DBF9BD300728078 /* WatchKit App.app */;
			productType = "com.apple.product-type.application.watchapp2";
		};
		FBA2D6801DBF9BD300728078 /* WatchKit App Extension */ = {
			isa = PBXNativeTarget;
			buildConfigurationList = FBA2D6921DBF9BD400728078 /* Build configuration list for PBXNativeTarget "WatchKit App Extension" */;
			buildPhases = (
				FBA2D67D1DBF9BD300728078 /* Sources */,
				FBA2D67E1DBF9BD300728078 /* Frameworks */,
				FBA2D67F1DBF9BD300728078 /* Resources */,
			);
			buildRules = (
			);
			dependencies = (
			);
			name = "WatchKit App Extension";
			productName = "WatchKit App Extension";
			productReference = FBA2D6811DBF9BD300728078 /* WatchKit App Extension.appex */;
			productType = "com.apple.product-type.watchkit2-extension";
		};
/* End PBXNativeTarget section */

/* Begin PBXProject section */
		FBA2D6051DBF9B7300728078 /* Project object */ = {
			isa = PBXProject;
			attributes = {
				LastSwiftUpdateCheck = 0810;
				LastUpgradeCheck = 0810;
				ORGANIZATIONNAME = Jonny;
				TargetAttributes = {
					364EA5F529FB59D00072C792 = {
						CreatedOnToolsVersion = 14.3;
						DevelopmentTeam = F9E6VPNRYT;
						LastSwiftMigration = 1430;
						ProvisioningStyle = Automatic;
					};
					FBA2D60C1DBF9B7300728078 = {
						CreatedOnToolsVersion = 8.0;
						DevelopmentTeam = F9E6VPNRYT;
						ProvisioningStyle = Automatic;
						SystemCapabilities = {
							com.apple.BackgroundModes = {
								enabled = 1;
							};
							com.apple.HealthKit = {
								enabled = 1;
							};
							com.apple.Push = {
								enabled = 1;
							};
							com.apple.iCloud = {
								enabled = 1;
							};
						};
					};
					FBA2D6741DBF9BD300728078 = {
						CreatedOnToolsVersion = 8.0;
						DevelopmentTeam = F9E6VPNRYT;
						ProvisioningStyle = Automatic;
					};
					FBA2D6801DBF9BD300728078 = {
						CreatedOnToolsVersion = 8.0;
						DevelopmentTeam = F9E6VPNRYT;
						ProvisioningStyle = Automatic;
						SystemCapabilities = {
							com.apple.HealthKit.watchos = {
								enabled = 1;
							};
						};
					};
				};
			};
			buildConfigurationList = FBA2D6081DBF9B7300728078 /* Build configuration list for PBXProject "HRate" */;
			compatibilityVersion = "Xcode 3.2";
			developmentRegion = English;
			hasScannedForEncodings = 0;
			knownRegions = (
				English,
				en,
				Base,
			);
			mainGroup = FBA2D6041DBF9B7300728078;
			productRefGroup = FBA2D60E1DBF9B7300728078 /* Products */;
			projectDirPath = "";
			projectRoot = "";
			targets = (
				FBA2D60C1DBF9B7300728078 /* HRate */,
				FBA2D6741DBF9BD300728078 /* WatchKit App */,
				FBA2D6801DBF9BD300728078 /* WatchKit App Extension */,
				364EA5F529FB59D00072C792 /* AEAudio */,
			);
		};
/* End PBXProject section */

/* Begin PBXResourcesBuildPhase section */
		364EA5F429FB59D00072C792 /* Resources */ = {
			isa = PBXResourcesBuildPhase;
			buildActionMask = 2147483647;
			files = (
			);
			runOnlyForDeploymentPostprocessing = 0;
		};
		FBA2D60B1DBF9B7300728078 /* Resources */ = {
			isa = PBXResourcesBuildPhase;
			buildActionMask = 2147483647;
			files = (
				3668664B29F78DBB009136B9 /* background.jpg in Resources */,
				36C3C6CB29EF881D00E8A4DB /* REEJI-PinboGB.ttf in Resources */,
				FBA2D61B1DBF9B7300728078 /* LaunchScreen.storyboard in Resources */,
				FBA2D6181DBF9B7300728078 /* Assets.xcassets in Resources */,
				3670AD0829F1829F0026F2B5 /* deviceGray.png in Resources */,
				3644E81229E29DB8005DDEA3 /* OpenSans-Bold.ttf in Resources */,
				3670AD0929F1829F0026F2B5 /* device.png in Resources */,
				3644E81329E29DB8005DDEA3 /* OpenSans-Regular.ttf in Resources */,
				3644E81129E29DB8005DDEA3 /* OpenSans-SemiBold.ttf in Resources */,
			);
			runOnlyForDeploymentPostprocessing = 0;
		};
		FBA2D6731DBF9BD300728078 /* Resources */ = {
			isa = PBXResourcesBuildPhase;
			buildActionMask = 2147483647;
			files = (
				FBA2D67B1DBF9BD300728078 /* Assets.xcassets in Resources */,
				FBA2D6791DBF9BD300728078 /* Interface.storyboard in Resources */,
			);
			runOnlyForDeploymentPostprocessing = 0;
		};
		FBA2D67F1DBF9BD300728078 /* Resources */ = {
			isa = PBXResourcesBuildPhase;
			buildActionMask = 2147483647;
			files = (
				FBA2D68D1DBF9BD400728078 /* Assets.xcassets in Resources */,
			);
			runOnlyForDeploymentPostprocessing = 0;
		};
/* End PBXResourcesBuildPhase section */

/* Begin PBXShellScriptBuildPhase section */
		364EA5E529FABA010072C792 /* R.swift */ = {
			isa = PBXShellScriptBuildPhase;
			buildActionMask = 2147483647;
			files = (
			);
			inputFileListPaths = (
			);
			inputPaths = (
				"$TEMP_DIR/rswift-lastrun",
			);
			name = R.swift;
			outputFileListPaths = (
			);
			outputPaths = (
				"$SRCROOT/HeartRate/Resources/R.swift/R.generated.swift",
			);
			runOnlyForDeploymentPostprocessing = 0;
			shellPath = /bin/sh;
			shellScript = "\"$PODS_ROOT/R.swift/rswift\" generate \"$SRCROOT/HeartRate/Resources/R.swift/R.generated.swift\"\n\n";
		};
		72B6A497AC7CE7C5D00B14E1 /* [CP] Check Pods Manifest.lock */ = {
			isa = PBXShellScriptBuildPhase;
			buildActionMask = 2147483647;
			files = (
			);
			inputFileListPaths = (
			);
			inputPaths = (
				"${PODS_PODFILE_DIR_PATH}/Podfile.lock",
				"${PODS_ROOT}/Manifest.lock",
			);
			name = "[CP] Check Pods Manifest.lock";
			outputFileListPaths = (
			);
			outputPaths = (
				"$(DERIVED_FILE_DIR)/Pods-HRate-checkManifestLockResult.txt",
			);
			runOnlyForDeploymentPostprocessing = 0;
			shellPath = /bin/sh;
			shellScript = "diff \"${PODS_PODFILE_DIR_PATH}/Podfile.lock\" \"${PODS_ROOT}/Manifest.lock\" > /dev/null\nif [ $? != 0 ] ; then\n    # print error to STDERR\n    echo \"error: The sandbox is not in sync with the Podfile.lock. Run 'pod install' or update your CocoaPods installation.\" >&2\n    exit 1\nfi\n# This output is used by Xcode 'outputs' to avoid re-running this script phase.\necho \"SUCCESS\" > \"${SCRIPT_OUTPUT_FILE_0}\"\n";
			showEnvVarsInLog = 0;
		};
		8B6062EE86AD60344110852D /* [CP] Embed Pods Frameworks */ = {
			isa = PBXShellScriptBuildPhase;
			buildActionMask = 2147483647;
			files = (
			);
			inputPaths = (
				"${PODS_ROOT}/Target Support Files/Pods-HRate/Pods-HRate-frameworks.sh",
				"${BUILT_PRODUCTS_DIR}/Charts/Charts.framework",
				"${BUILT_PRODUCTS_DIR}/Eureka/Eureka.framework",
				"${BUILT_PRODUCTS_DIR}/KDCircularProgress/KDCircularProgress.framework",
				"${BUILT_PRODUCTS_DIR}/NSObject+Rx/NSObject_Rx.framework",
				"${BUILT_PRODUCTS_DIR}/OptimizedSQLCipher/sqlcipher.framework",
				"${BUILT_PRODUCTS_DIR}/R.swift.Library/Rswift.framework",
				"${BUILT_PRODUCTS_DIR}/RxCocoa/RxCocoa.framework",
				"${BUILT_PRODUCTS_DIR}/RxRelay/RxRelay.framework",
				"${BUILT_PRODUCTS_DIR}/RxSwift/RxSwift.framework",
				"${BUILT_PRODUCTS_DIR}/SQLiteRepair/sqliterk.framework",
				"${BUILT_PRODUCTS_DIR}/SnapKit/SnapKit.framework",
				"${BUILT_PRODUCTS_DIR}/SwiftAlgorithms/Algorithms.framework",
				"${BUILT_PRODUCTS_DIR}/WCDBSwift/WCDBSwift.framework",
				"${BUILT_PRODUCTS_DIR}/Zip/Zip.framework",
			);
			name = "[CP] Embed Pods Frameworks";
			outputPaths = (
				"${TARGET_BUILD_DIR}/${FRAMEWORKS_FOLDER_PATH}/Charts.framework",
				"${TARGET_BUILD_DIR}/${FRAMEWORKS_FOLDER_PATH}/Eureka.framework",
				"${TARGET_BUILD_DIR}/${FRAMEWORKS_FOLDER_PATH}/KDCircularProgress.framework",
				"${TARGET_BUILD_DIR}/${FRAMEWORKS_FOLDER_PATH}/NSObject_Rx.framework",
				"${TARGET_BUILD_DIR}/${FRAMEWORKS_FOLDER_PATH}/sqlcipher.framework",
				"${TARGET_BUILD_DIR}/${FRAMEWORKS_FOLDER_PATH}/Rswift.framework",
				"${TARGET_BUILD_DIR}/${FRAMEWORKS_FOLDER_PATH}/RxCocoa.framework",
				"${TARGET_BUILD_DIR}/${FRAMEWORKS_FOLDER_PATH}/RxRelay.framework",
				"${TARGET_BUILD_DIR}/${FRAMEWORKS_FOLDER_PATH}/RxSwift.framework",
				"${TARGET_BUILD_DIR}/${FRAMEWORKS_FOLDER_PATH}/sqliterk.framework",
				"${TARGET_BUILD_DIR}/${FRAMEWORKS_FOLDER_PATH}/SnapKit.framework",
				"${TARGET_BUILD_DIR}/${FRAMEWORKS_FOLDER_PATH}/Algorithms.framework",
				"${TARGET_BUILD_DIR}/${FRAMEWORKS_FOLDER_PATH}/WCDBSwift.framework",
				"${TARGET_BUILD_DIR}/${FRAMEWORKS_FOLDER_PATH}/Zip.framework",
			);
			runOnlyForDeploymentPostprocessing = 0;
			shellPath = /bin/sh;
			shellScript = "\"${PODS_ROOT}/Target Support Files/Pods-HRate/Pods-HRate-frameworks.sh\"\n";
			showEnvVarsInLog = 0;
		};
/* End PBXShellScriptBuildPhase section */

/* Begin PBXSourcesBuildPhase section */
		364EA5F229FB59D00072C792 /* Sources */ = {
			isa = PBXSourcesBuildPhase;
			buildActionMask = 2147483647;
			files = (
				364EA62329FB8A400072C792 /* AudioRecorder.swift in Sources */,
				364EA60229FB5CD30072C792 /* AudioInfo.swift in Sources */,
				364EA61F29FB858F0072C792 /* AudioTime.swift in Sources */,
				364EA61329FB74720072C792 /* AudioBar.swift in Sources */,
				364EA62529FB8A850072C792 /* AudioRecordEnum.swift in Sources */,
				364EA62129FB859C0072C792 /* AudioSession.swift in Sources */,
				364EA61A29FB7C3D0072C792 /* SpectrumView.swift in Sources */,
				364EA61829FB7C1C0072C792 /* AudioAnalyzer.swift in Sources */,
				364EA61C29FB807B0072C792 /* AudioPlayerEnum.swift in Sources */,
				364EA61529FB7B050072C792 /* AudioPlayer.swift in Sources */,
				364EA62E29FE0BC20072C792 /* AEViewRotator.swift in Sources */,
				36A8B44E2A0105D40065B48F /* OSTimer.swift in Sources */,
				364EA62F29FE0BC20072C792 /* AERotateImageView.swift in Sources */,
			);
			runOnlyForDeploymentPostprocessing = 0;
		};
		FBA2D6091DBF9B7300728078 /* Sources */ = {
			isa = PBXSourcesBuildPhase;
			buildActionMask = 2147483647;
			files = (
				369BD51A29E93E0100CB6B97 /* Toast.swift in Sources */,
				3668664D29F7B3F0009136B9 /* AEPageView.swift in Sources */,
				36C3C69B29EDAB3900E8A4DB /* MusicPlayer.swift in Sources */,
				3670ACFC29F14D110026F2B5 /* DeviceView.swift in Sources */,
				3668664029F7823A009136B9 /* AEPlayerView.swift in Sources */,
				36A8B4542A0119270065B48F /* UIButton + Extra.swift in Sources */,
				36C4580D29F8FB4F00A06819 /* PlayListController.swift in Sources */,
				369BD51529E93E0100CB6B97 /* Recorder.swift in Sources */,
				369BD51729E93E0100CB6B97 /* AvgMinMaxBar.swift in Sources */,
				364EA5E829FABA610072C792 /* Public.swift in Sources */,
				3670AD4B29F4DDAF0026F2B5 /* WorkoutData.swift in Sources */,
				36C3C69929ED845800E8A4DB /* AudioCell.swift in Sources */,
				369BD51B29E93E0100CB6B97 /* RecordButton.swift in Sources */,
				369BD51829E93E0100CB6B97 /* Label.swift in Sources */,
				FBA2D6B01DBF9C5700728078 /* WatchConnectorConstants.swift in Sources */,
				369BD50229E93D9F00CB6B97 /* BPMExporter.swift in Sources */,
				FBA2D6C71DC054E200728078 /* WatchConnector.swift in Sources */,
				36C3C69529ED82D400E8A4DB /* LineChartHeaderView.swift in Sources */,
				369BD50829E93D9F00CB6B97 /* BPMView.swift in Sources */,
				364EA5ED29FABAF50072C792 /* R.generated.swift in Sources */,
				36C3C69D29EDAC4800E8A4DB /* RxMusicPlayerDelegate.swift in Sources */,
				36C3C6B329EEC0CA00E8A4DB /* PlaybackIndicator.swift in Sources */,
				36C4580F29F8FB6600A06819 /* PlayListView.swift in Sources */,
				369BD51929E93E0100CB6B97 /* Stack.swift in Sources */,
				36C3C69F29EE167500E8A4DB /* RxCastOrThrow.swift in Sources */,
				36A8B4522A0112DF0065B48F /* UIButton + NoRepeat.swift in Sources */,
				3670AD5429F51EDD0026F2B5 /* HRToast.swift in Sources */,
				3670AD4329F3FFC50026F2B5 /* UserEnitity.swift in Sources */,
				3668665329F7B79F009136B9 /* PlayerControlView.swift in Sources */,
				369BD50729E93D9F00CB6B97 /* AudioEntity.swift in Sources */,
				369BD4F129E93CB300CB6B97 /* PersistManager.swift in Sources */,
				3668665529F7C47F009136B9 /* HorizontalScrollView.swift in Sources */,
				3670AD5129F518E70026F2B5 /* WCErrorParser.swift in Sources */,
				369BD50529E93D9F00CB6B97 /* BPMTracker.swift in Sources */,
				369BD4EE29E93C7F00CB6B97 /* AppDelegate.swift in Sources */,
				364EA62829FB8E510072C792 /* RxAudioPlayable.swift in Sources */,
				364EA5F029FAC1510072C792 /* AudioLibraryManager.swift in Sources */,
				3668664F29F7B49C009136B9 /* AlbumInfoView.swift in Sources */,
				369BD50929E93D9F00CB6B97 /* BPMViewConfig.swift in Sources */,
				369BD50629E93D9F00CB6B97 /* BPMController.swift in Sources */,
				369BD51629E93E0100CB6B97 /* Constants.swift in Sources */,
				369BD50429E93D9F00CB6B97 /* BPMViewModel.swift in Sources */,
				36C4581329F900BB00A06819 /* PlayListHeader.swift in Sources */,
				3668664429F7851B009136B9 /* AEPlayerController.swift in Sources */,
				369BD51429E93E0100CB6B97 /* TimeFormat.swift in Sources */,
				3668664929F786E8009136B9 /* AudioPlayerViewModel.swift in Sources */,
				369BD50329E93D9F00CB6B97 /* Binder.swift in Sources */,
				36C4581529F925EE00A06819 /* UITableView+emptyState.swift in Sources */,
				3670AD4C29F4FC9A0026F2B5 /* UserInfo.swift in Sources */,
				3670AD4129F3F57A0026F2B5 /* InfoController.swift in Sources */,
			);
			runOnlyForDeploymentPostprocessing = 0;
		};
		FBA2D67D1DBF9BD300728078 /* Sources */ = {
			isa = PBXSourcesBuildPhase;
			buildActionMask = 2147483647;
			files = (
				FBA2D6891DBF9BD400728078 /* ExtensionDelegate.swift in Sources */,
				3670AD4829F4D4790026F2B5 /* WorkoutData.swift in Sources */,
				FBA2D6B81DBF9C8C00728078 /* HeartRateController.swift in Sources */,
				3670ACE629EFFB170026F2B5 /* PumpingController.swift in Sources */,
				FBA2D6BD1DBF9C9600728078 /* WorkoutManager.swift in Sources */,
				36151ED52A00DCDB0092AABF /* Utils.swift in Sources */,
				366A18AB29FE759C00742718 /* PumpView.swift in Sources */,
				3670ACE429EFED100026F2B5 /* TimeFormat.swift in Sources */,
				FBA2D6871DBF9BD400728078 /* InterfaceController.swift in Sources */,
				3670ACF629F037F50026F2B5 /* NotificationManager.swift in Sources */,
				36151EC92A00D5800092AABF /* Timer.swift in Sources */,
				FBA2D6B11DBF9C5700728078 /* WatchConnectorConstants.swift in Sources */,
				36151EC229FF62B80092AABF /* Color.swift in Sources */,
				FBA2D68B1DBF9BD400728078 /* ComplicationController.swift in Sources */,
				FBA2D6C81DC054E200728078 /* WatchConnector.swift in Sources */,
				36151ED12A00DC7C0092AABF /* PumpIndicator.swift in Sources */,
				36151ECF2A00DC5A0092AABF /* PumpZonesView.swift in Sources */,
				36151ECB2A00DC170092AABF /* PumpDescriptionView.swift in Sources */,
				3670AD4A29F4D9DB0026F2B5 /* BPMCalculator.swift in Sources */,
				3670AD5029F5182F0026F2B5 /* WCErrorParser.swift in Sources */,
				36151EC72A0000D40092AABF /* Toast.swift in Sources */,
				3670AD4629F4CD7A0026F2B5 /* UserInfo.swift in Sources */,
			);
			runOnlyForDeploymentPostprocessing = 0;
		};
/* End PBXSourcesBuildPhase section */

/* Begin PBXTargetDependency section */
		364EA5FB29FB59D00072C792 /* PBXTargetDependency */ = {
			isa = PBXTargetDependency;
			target = 364EA5F529FB59D00072C792 /* AEAudio */;
			targetProxy = 364EA5FA29FB59D00072C792 /* PBXContainerItemProxy */;
		};
		FBA2D6841DBF9BD400728078 /* PBXTargetDependency */ = {
			isa = PBXTargetDependency;
			target = FBA2D6801DBF9BD300728078 /* WatchKit App Extension */;
			targetProxy = FBA2D6831DBF9BD400728078 /* PBXContainerItemProxy */;
		};
		FBA2D6901DBF9BD400728078 /* PBXTargetDependency */ = {
			isa = PBXTargetDependency;
			target = FBA2D6741DBF9BD300728078 /* WatchKit App */;
			targetProxy = FBA2D68F1DBF9BD400728078 /* PBXContainerItemProxy */;
		};
/* End PBXTargetDependency section */

/* Begin PBXVariantGroup section */
		FBA2D6191DBF9B7300728078 /* LaunchScreen.storyboard */ = {
			isa = PBXVariantGroup;
			children = (
				FBA2D61A1DBF9B7300728078 /* Base */,
			);
			name = LaunchScreen.storyboard;
			sourceTree = "<group>";
		};
		FBA2D6771DBF9BD300728078 /* Interface.storyboard */ = {
			isa = PBXVariantGroup;
			children = (
				FBA2D6781DBF9BD300728078 /* Base */,
			);
			name = Interface.storyboard;
			sourceTree = "<group>";
		};
/* End PBXVariantGroup section */

/* Begin XCBuildConfiguration section */
		364EA5FF29FB59D00072C792 /* Debug */ = {
			isa = XCBuildConfiguration;
			buildSettings = {
				CLANG_ANALYZER_NUMBER_OBJECT_CONVERSION = YES_AGGRESSIVE;
				CLANG_CXX_LANGUAGE_STANDARD = "gnu++20";
				CLANG_ENABLE_MODULES = YES;
				CLANG_ENABLE_OBJC_WEAK = YES;
				CLANG_WARN_BLOCK_CAPTURE_AUTORELEASING = YES;
				CLANG_WARN_COMMA = YES;
				CLANG_WARN_DEPRECATED_OBJC_IMPLEMENTATIONS = YES;
				CLANG_WARN_NON_LITERAL_NULL_CONVERSION = YES;
				CLANG_WARN_OBJC_IMPLICIT_RETAIN_SELF = YES;
				CLANG_WARN_OBJC_LITERAL_CONVERSION = YES;
				CLANG_WARN_QUOTED_INCLUDE_IN_FRAMEWORK_HEADER = YES;
				CLANG_WARN_RANGE_LOOP_ANALYSIS = YES;
				CLANG_WARN_STRICT_PROTOTYPES = YES;
				CLANG_WARN_UNGUARDED_AVAILABILITY = YES_AGGRESSIVE;
				CODE_SIGN_STYLE = Automatic;
				CURRENT_PROJECT_VERSION = 1;
				DEFINES_MODULE = YES;
				DEVELOPMENT_TEAM = F9E6VPNRYT;
				DYLIB_COMPATIBILITY_VERSION = 1;
				DYLIB_CURRENT_VERSION = 1;
				DYLIB_INSTALL_NAME_BASE = "@rpath";
				ENABLE_MODULE_VERIFIER = YES;
				GCC_C_LANGUAGE_STANDARD = gnu11;
				GENERATE_INFOPLIST_FILE = YES;
				INFOPLIST_KEY_NSHumanReadableCopyright = "Copyright © 2023 Jonny. All rights reserved.";
				INSTALL_PATH = "$(LOCAL_LIBRARY_DIR)/Frameworks";
				IPHONEOS_DEPLOYMENT_TARGET = 13.0;
				LD_RUNPATH_SEARCH_PATHS = "$(inherited) @executable_path/Frameworks @loader_path/Frameworks";
				MARKETING_VERSION = 1.0;
				MODULE_VERIFIER_SUPPORTED_LANGUAGES = "objective-c objective-c++";
				MODULE_VERIFIER_SUPPORTED_LANGUAGE_STANDARDS = "gnu11 gnu++20";
				MTL_ENABLE_DEBUG_INFO = INCLUDE_SOURCE;
				MTL_FAST_MATH = YES;
				PRODUCT_BUNDLE_IDENTIFIER = com.kaoji.AEAudio;
				PRODUCT_NAME = "$(TARGET_NAME:c99extidentifier)";
				SKIP_INSTALL = YES;
				SWIFT_EMIT_LOC_STRINGS = YES;
				SWIFT_OPTIMIZATION_LEVEL = "-Onone";
				SWIFT_VERSION = 5.0;
				TARGETED_DEVICE_FAMILY = "1,2";
				VERSIONING_SYSTEM = "apple-generic";
				VERSION_INFO_PREFIX = "";
			};
			name = Debug;
		};
		364EA60029FB59D00072C792 /* Release */ = {
			isa = XCBuildConfiguration;
			buildSettings = {
				CLANG_ANALYZER_NUMBER_OBJECT_CONVERSION = YES_AGGRESSIVE;
				CLANG_CXX_LANGUAGE_STANDARD = "gnu++20";
				CLANG_ENABLE_MODULES = YES;
				CLANG_ENABLE_OBJC_WEAK = YES;
				CLANG_WARN_BLOCK_CAPTURE_AUTORELEASING = YES;
				CLANG_WARN_COMMA = YES;
				CLANG_WARN_DEPRECATED_OBJC_IMPLEMENTATIONS = YES;
				CLANG_WARN_NON_LITERAL_NULL_CONVERSION = YES;
				CLANG_WARN_OBJC_IMPLICIT_RETAIN_SELF = YES;
				CLANG_WARN_OBJC_LITERAL_CONVERSION = YES;
				CLANG_WARN_QUOTED_INCLUDE_IN_FRAMEWORK_HEADER = YES;
				CLANG_WARN_RANGE_LOOP_ANALYSIS = YES;
				CLANG_WARN_STRICT_PROTOTYPES = YES;
				CLANG_WARN_UNGUARDED_AVAILABILITY = YES_AGGRESSIVE;
				CODE_SIGN_STYLE = Automatic;
				CURRENT_PROJECT_VERSION = 1;
				DEFINES_MODULE = YES;
				DEVELOPMENT_TEAM = F9E6VPNRYT;
				DYLIB_COMPATIBILITY_VERSION = 1;
				DYLIB_CURRENT_VERSION = 1;
				DYLIB_INSTALL_NAME_BASE = "@rpath";
				ENABLE_MODULE_VERIFIER = YES;
				GCC_C_LANGUAGE_STANDARD = gnu11;
				GENERATE_INFOPLIST_FILE = YES;
				INFOPLIST_KEY_NSHumanReadableCopyright = "Copyright © 2023 Jonny. All rights reserved.";
				INSTALL_PATH = "$(LOCAL_LIBRARY_DIR)/Frameworks";
				IPHONEOS_DEPLOYMENT_TARGET = 13.0;
				LD_RUNPATH_SEARCH_PATHS = "$(inherited) @executable_path/Frameworks @loader_path/Frameworks";
				MARKETING_VERSION = 1.0;
				MODULE_VERIFIER_SUPPORTED_LANGUAGES = "objective-c objective-c++";
				MODULE_VERIFIER_SUPPORTED_LANGUAGE_STANDARDS = "gnu11 gnu++20";
				MTL_FAST_MATH = YES;
				PRODUCT_BUNDLE_IDENTIFIER = com.kaoji.AEAudio;
				PRODUCT_NAME = "$(TARGET_NAME:c99extidentifier)";
				SKIP_INSTALL = YES;
				SWIFT_EMIT_LOC_STRINGS = YES;
				SWIFT_VERSION = 5.0;
				TARGETED_DEVICE_FAMILY = "1,2";
				VERSIONING_SYSTEM = "apple-generic";
				VERSION_INFO_PREFIX = "";
			};
			name = Release;
		};
		FBA2D61D1DBF9B7300728078 /* Debug */ = {
			isa = XCBuildConfiguration;
			buildSettings = {
				ALWAYS_SEARCH_USER_PATHS = NO;
				CLANG_ANALYZER_NONNULL = YES;
				CLANG_CXX_LANGUAGE_STANDARD = "gnu++0x";
				CLANG_CXX_LIBRARY = "libc++";
				CLANG_ENABLE_MODULES = YES;
				CLANG_ENABLE_OBJC_ARC = YES;
				CLANG_WARN_BOOL_CONVERSION = YES;
				CLANG_WARN_CONSTANT_CONVERSION = YES;
				CLANG_WARN_DIRECT_OBJC_ISA_USAGE = YES_ERROR;
				CLANG_WARN_DOCUMENTATION_COMMENTS = YES;
				CLANG_WARN_EMPTY_BODY = YES;
				CLANG_WARN_ENUM_CONVERSION = YES;
				CLANG_WARN_INFINITE_RECURSION = YES;
				CLANG_WARN_INT_CONVERSION = YES;
				CLANG_WARN_OBJC_ROOT_CLASS = YES_ERROR;
				CLANG_WARN_SUSPICIOUS_MOVE = YES;
				CLANG_WARN_SUSPICIOUS_MOVES = YES;
				CLANG_WARN_UNREACHABLE_CODE = YES;
				CLANG_WARN__DUPLICATE_METHOD_MATCH = YES;
				"CODE_SIGN_IDENTITY[sdk=iphoneos*]" = "iPhone Developer";
				COPY_PHASE_STRIP = NO;
				DEBUG_INFORMATION_FORMAT = dwarf;
				ENABLE_STRICT_OBJC_MSGSEND = YES;
				ENABLE_TESTABILITY = YES;
				GCC_C_LANGUAGE_STANDARD = gnu99;
				GCC_DYNAMIC_NO_PIC = NO;
				GCC_NO_COMMON_BLOCKS = YES;
				GCC_OPTIMIZATION_LEVEL = 0;
				GCC_PREPROCESSOR_DEFINITIONS = (
					"DEBUG=1",
					"$(inherited)",
				);
				GCC_WARN_64_TO_32_BIT_CONVERSION = YES;
				GCC_WARN_ABOUT_RETURN_TYPE = YES_ERROR;
				GCC_WARN_UNDECLARED_SELECTOR = YES;
				GCC_WARN_UNINITIALIZED_AUTOS = YES_AGGRESSIVE;
				GCC_WARN_UNUSED_FUNCTION = YES;
				GCC_WARN_UNUSED_VARIABLE = YES;
				IPHONEOS_DEPLOYMENT_TARGET = 10.0;
				MTL_ENABLE_DEBUG_INFO = YES;
				ONLY_ACTIVE_ARCH = YES;
				SDKROOT = iphoneos;
				SWIFT_ACTIVE_COMPILATION_CONDITIONS = DEBUG;
				SWIFT_OPTIMIZATION_LEVEL = "-Onone";
				TARGETED_DEVICE_FAMILY = "1,2";
			};
			name = Debug;
		};
		FBA2D61E1DBF9B7300728078 /* Release */ = {
			isa = XCBuildConfiguration;
			buildSettings = {
				ALWAYS_SEARCH_USER_PATHS = NO;
				CLANG_ANALYZER_NONNULL = YES;
				CLANG_CXX_LANGUAGE_STANDARD = "gnu++0x";
				CLANG_CXX_LIBRARY = "libc++";
				CLANG_ENABLE_MODULES = YES;
				CLANG_ENABLE_OBJC_ARC = YES;
				CLANG_WARN_BOOL_CONVERSION = YES;
				CLANG_WARN_CONSTANT_CONVERSION = YES;
				CLANG_WARN_DIRECT_OBJC_ISA_USAGE = YES_ERROR;
				CLANG_WARN_DOCUMENTATION_COMMENTS = YES;
				CLANG_WARN_EMPTY_BODY = YES;
				CLANG_WARN_ENUM_CONVERSION = YES;
				CLANG_WARN_INFINITE_RECURSION = YES;
				CLANG_WARN_INT_CONVERSION = YES;
				CLANG_WARN_OBJC_ROOT_CLASS = YES_ERROR;
				CLANG_WARN_SUSPICIOUS_MOVE = YES;
				CLANG_WARN_SUSPICIOUS_MOVES = YES;
				CLANG_WARN_UNREACHABLE_CODE = YES;
				CLANG_WARN__DUPLICATE_METHOD_MATCH = YES;
				"CODE_SIGN_IDENTITY[sdk=iphoneos*]" = "iPhone Developer";
				COPY_PHASE_STRIP = NO;
				DEBUG_INFORMATION_FORMAT = "dwarf-with-dsym";
				ENABLE_NS_ASSERTIONS = NO;
				ENABLE_STRICT_OBJC_MSGSEND = YES;
				GCC_C_LANGUAGE_STANDARD = gnu99;
				GCC_NO_COMMON_BLOCKS = YES;
				GCC_WARN_64_TO_32_BIT_CONVERSION = YES;
				GCC_WARN_ABOUT_RETURN_TYPE = YES_ERROR;
				GCC_WARN_UNDECLARED_SELECTOR = YES;
				GCC_WARN_UNINITIALIZED_AUTOS = YES_AGGRESSIVE;
				GCC_WARN_UNUSED_FUNCTION = YES;
				GCC_WARN_UNUSED_VARIABLE = YES;
				IPHONEOS_DEPLOYMENT_TARGET = 10.0;
				MTL_ENABLE_DEBUG_INFO = NO;
				SDKROOT = iphoneos;
				SWIFT_OPTIMIZATION_LEVEL = "-Owholemodule";
				TARGETED_DEVICE_FAMILY = "1,2";
				VALIDATE_PRODUCT = YES;
			};
			name = Release;
		};
		FBA2D6201DBF9B7300728078 /* Debug */ = {
			isa = XCBuildConfiguration;
			baseConfigurationReference = 6890F261DD9D9730BD9EF681 /* Pods-HRate.debug.xcconfig */;
			buildSettings = {
				ALWAYS_EMBED_SWIFT_STANDARD_LIBRARIES = YES;
				ASSETCATALOG_COMPILER_APPICON_NAME = AppIcon;
				CODE_SIGN_ENTITLEMENTS = HeartRate/HRate.entitlements;
				DEVELOPMENT_TEAM = F9E6VPNRYT;
				FRAMEWORK_SEARCH_PATHS = (
					"$(inherited)",
					"$(PROJECT_DIR)/HeartRate/3rdParty",
				);
				INFOPLIST_FILE = HeartRate/Info.plist;
				IPHONEOS_DEPLOYMENT_TARGET = 13.0;
				LD_RUNPATH_SEARCH_PATHS = "$(inherited) @executable_path/Frameworks";
				PRODUCT_BUNDLE_IDENTIFIER = com.kaoji.HRate;
				PRODUCT_NAME = "$(TARGET_NAME)";
				SUPPORTED_PLATFORMS = "iphoneos iphonesimulator";
				SUPPORTS_MACCATALYST = NO;
				SUPPORTS_MAC_DESIGNED_FOR_IPHONE_IPAD = NO;
				SWIFT_INCLUDE_PATHS = "";
				SWIFT_OBJC_BRIDGING_HEADER = HeartRate/BridgeHeader.h;
				SWIFT_VERSION = 5.0;
				TARGETED_DEVICE_FAMILY = "1,2";
			};
			name = Debug;
		};
		FBA2D6211DBF9B7300728078 /* Release */ = {
			isa = XCBuildConfiguration;
			baseConfigurationReference = 0A5433B5CC772D99BA3A11AE /* Pods-HRate.release.xcconfig */;
			buildSettings = {
				ALWAYS_EMBED_SWIFT_STANDARD_LIBRARIES = YES;
				ASSETCATALOG_COMPILER_APPICON_NAME = AppIcon;
				CODE_SIGN_ENTITLEMENTS = HeartRate/HRate.entitlements;
				DEVELOPMENT_TEAM = F9E6VPNRYT;
				FRAMEWORK_SEARCH_PATHS = (
					"$(inherited)",
					"$(PROJECT_DIR)/HeartRate/3rdParty",
				);
				INFOPLIST_FILE = HeartRate/Info.plist;
				IPHONEOS_DEPLOYMENT_TARGET = 13.0;
				LD_RUNPATH_SEARCH_PATHS = "$(inherited) @executable_path/Frameworks";
				PRODUCT_BUNDLE_IDENTIFIER = com.kaoji.HRate;
				PRODUCT_NAME = "$(TARGET_NAME)";
				SUPPORTED_PLATFORMS = "iphoneos iphonesimulator";
				SUPPORTS_MACCATALYST = NO;
				SUPPORTS_MAC_DESIGNED_FOR_IPHONE_IPAD = NO;
				SWIFT_INCLUDE_PATHS = "";
				SWIFT_OBJC_BRIDGING_HEADER = HeartRate/BridgeHeader.h;
				SWIFT_VERSION = 5.0;
				TARGETED_DEVICE_FAMILY = "1,2";
			};
			name = Release;
		};
		FBA2D6931DBF9BD400728078 /* Debug */ = {
			isa = XCBuildConfiguration;
			buildSettings = {
				ASSETCATALOG_COMPILER_COMPLICATION_NAME = Complication;
				CODE_SIGN_ENTITLEMENTS = "WatchKit App Extension/WatchKit App Extension.entitlements";
				DEVELOPMENT_TEAM = F9E6VPNRYT;
				INFOPLIST_FILE = "WatchKit App Extension/Info.plist";
				LD_RUNPATH_SEARCH_PATHS = "$(inherited) @executable_path/Frameworks @executable_path/../../Frameworks";
				PRODUCT_BUNDLE_IDENTIFIER = com.kaoji.HRate.watchkitapp.watchkitextension;
				PRODUCT_NAME = "${TARGET_NAME}";
				SDKROOT = watchos;
				SKIP_INSTALL = YES;
				SWIFT_OBJC_BRIDGING_HEADER = HeartRate/BridgeHeader.h;
				SWIFT_VERSION = 5.0;
				TARGETED_DEVICE_FAMILY = 4;
				WATCHOS_DEPLOYMENT_TARGET = 7.0;
			};
			name = Debug;
		};
		FBA2D6941DBF9BD400728078 /* Release */ = {
			isa = XCBuildConfiguration;
			buildSettings = {
				ASSETCATALOG_COMPILER_COMPLICATION_NAME = Complication;
				CODE_SIGN_ENTITLEMENTS = "WatchKit App Extension/WatchKit App Extension.entitlements";
				DEVELOPMENT_TEAM = F9E6VPNRYT;
				INFOPLIST_FILE = "WatchKit App Extension/Info.plist";
				LD_RUNPATH_SEARCH_PATHS = "$(inherited) @executable_path/Frameworks @executable_path/../../Frameworks";
				PRODUCT_BUNDLE_IDENTIFIER = com.kaoji.HRate.watchkitapp.watchkitextension;
				PRODUCT_NAME = "${TARGET_NAME}";
				SDKROOT = watchos;
				SKIP_INSTALL = YES;
				SWIFT_OBJC_BRIDGING_HEADER = HeartRate/BridgeHeader.h;
				SWIFT_VERSION = 5.0;
				TARGETED_DEVICE_FAMILY = 4;
				WATCHOS_DEPLOYMENT_TARGET = 7.0;
			};
			name = Release;
		};
		FBA2D6971DBF9BD400728078 /* Debug */ = {
			isa = XCBuildConfiguration;
			buildSettings = {
				ALWAYS_EMBED_SWIFT_STANDARD_LIBRARIES = YES;
				ASSETCATALOG_COMPILER_APPICON_NAME = AppIcon;
				DEVELOPMENT_TEAM = F9E6VPNRYT;
				IBSC_MODULE = WatchKit_App_Extension;
				INFOPLIST_FILE = "WatchKit App/Info.plist";
				PRODUCT_BUNDLE_IDENTIFIER = com.kaoji.HRate.watchkitapp;
				PRODUCT_NAME = "$(TARGET_NAME)";
				SDKROOT = watchos;
				SKIP_INSTALL = YES;
				SWIFT_VERSION = 5.0;
				TARGETED_DEVICE_FAMILY = 4;
				WATCHOS_DEPLOYMENT_TARGET = 7.0;
			};
			name = Debug;
		};
		FBA2D6981DBF9BD400728078 /* Release */ = {
			isa = XCBuildConfiguration;
			buildSettings = {
				ALWAYS_EMBED_SWIFT_STANDARD_LIBRARIES = YES;
				ASSETCATALOG_COMPILER_APPICON_NAME = AppIcon;
				DEVELOPMENT_TEAM = F9E6VPNRYT;
				IBSC_MODULE = WatchKit_App_Extension;
				INFOPLIST_FILE = "WatchKit App/Info.plist";
				PRODUCT_BUNDLE_IDENTIFIER = com.kaoji.HRate.watchkitapp;
				PRODUCT_NAME = "$(TARGET_NAME)";
				SDKROOT = watchos;
				SKIP_INSTALL = YES;
				SWIFT_VERSION = 5.0;
				TARGETED_DEVICE_FAMILY = 4;
				WATCHOS_DEPLOYMENT_TARGET = 7.0;
			};
			name = Release;
		};
/* End XCBuildConfiguration section */

/* Begin XCConfigurationList section */
		364EA5FE29FB59D00072C792 /* Build configuration list for PBXNativeTarget "AEAudio" */ = {
			isa = XCConfigurationList;
			buildConfigurations = (
				364EA5FF29FB59D00072C792 /* Debug */,
				364EA60029FB59D00072C792 /* Release */,
			);
			defaultConfigurationIsVisible = 0;
			defaultConfigurationName = Release;
		};
		FBA2D6081DBF9B7300728078 /* Build configuration list for PBXProject "HRate" */ = {
			isa = XCConfigurationList;
			buildConfigurations = (
				FBA2D61D1DBF9B7300728078 /* Debug */,
				FBA2D61E1DBF9B7300728078 /* Release */,
			);
			defaultConfigurationIsVisible = 0;
			defaultConfigurationName = Release;
		};
		FBA2D61F1DBF9B7300728078 /* Build configuration list for PBXNativeTarget "HRate" */ = {
			isa = XCConfigurationList;
			buildConfigurations = (
				FBA2D6201DBF9B7300728078 /* Debug */,
				FBA2D6211DBF9B7300728078 /* Release */,
			);
			defaultConfigurationIsVisible = 0;
			defaultConfigurationName = Release;
		};
		FBA2D6921DBF9BD400728078 /* Build configuration list for PBXNativeTarget "WatchKit App Extension" */ = {
			isa = XCConfigurationList;
			buildConfigurations = (
				FBA2D6931DBF9BD400728078 /* Debug */,
				FBA2D6941DBF9BD400728078 /* Release */,
			);
			defaultConfigurationIsVisible = 0;
			defaultConfigurationName = Release;
		};
		FBA2D6961DBF9BD400728078 /* Build configuration list for PBXNativeTarget "WatchKit App" */ = {
			isa = XCConfigurationList;
			buildConfigurations = (
				FBA2D6971DBF9BD400728078 /* Debug */,
				FBA2D6981DBF9BD400728078 /* Release */,
			);
			defaultConfigurationIsVisible = 0;
			defaultConfigurationName = Release;
		};
/* End XCConfigurationList section */
	};
	rootObject = FBA2D6051DBF9B7300728078 /* Project object */;
}
